// !$*UTF8*$!
{
	archiveVersion = 1;
	classes = {
	};
	objectVersion = 51;
	objects = {

/* Begin PBXBuildFile section */
		116B702154CEEC8BA4DC3E8A /* Pods_Shoryan.framework in Frameworks */ = {isa = PBXBuildFile; fileRef = CEF183AFF4350C40B2B48A37 /* Pods_Shoryan.framework */; };
		B1087F9E2607A42100158209 /* RequestViewController.swift in Sources */ = {isa = PBXBuildFile; fileRef = B1087F9C2607A42100158209 /* RequestViewController.swift */; };
		B1087F9F2607A42100158209 /* RequestViewController.xib in Resources */ = {isa = PBXBuildFile; fileRef = B1087F9D2607A42100158209 /* RequestViewController.xib */; };
		B1087FA22607D77600158209 /* DetailedRequest.swift in Sources */ = {isa = PBXBuildFile; fileRef = B1087FA12607D77600158209 /* DetailedRequest.swift */; };
		B114ADD0259AF0890052C89D /* String.swift in Sources */ = {isa = PBXBuildFile; fileRef = B114ADCF259AF0890052C89D /* String.swift */; };
		B114ADDB259AFF4E0052C89D /* UnderlinedUITextField.swift in Sources */ = {isa = PBXBuildFile; fileRef = B114ADDA259AFF4E0052C89D /* UnderlinedUITextField.swift */; };
		B114ADE0259C20880052C89D /* SignUpViewController.swift in Sources */ = {isa = PBXBuildFile; fileRef = B114ADDE259C20880052C89D /* SignUpViewController.swift */; };
		B114ADE1259C20880052C89D /* SignUpViewController.xib in Resources */ = {isa = PBXBuildFile; fileRef = B114ADDF259C20880052C89D /* SignUpViewController.xib */; };
		B114ADE4259C38F80052C89D /* SignUpPresenter.swift in Sources */ = {isa = PBXBuildFile; fileRef = B114ADE3259C38F80052C89D /* SignUpPresenter.swift */; };
		B12CBA4C260803E1006C8464 /* RequestPresenter.swift in Sources */ = {isa = PBXBuildFile; fileRef = B12CBA4B260803E1006C8464 /* RequestPresenter.swift */; };
		B12CBA512608CA02006C8464 /* SharedInteractor.swift in Sources */ = {isa = PBXBuildFile; fileRef = B12CBA502608CA02006C8464 /* SharedInteractor.swift */; };
		B12CBA552608CA0D006C8464 /* SharedRouter.swift in Sources */ = {isa = PBXBuildFile; fileRef = B12CBA542608CA0D006C8464 /* SharedRouter.swift */; };
		B12CBA582608D367006C8464 /* RequestUpdateResponse.swift in Sources */ = {isa = PBXBuildFile; fileRef = B12CBA572608D367006C8464 /* RequestUpdateResponse.swift */; };
		B12CBA5B2608D702006C8464 /* RequestUpdate.swift in Sources */ = {isa = PBXBuildFile; fileRef = B12CBA5A2608D702006C8464 /* RequestUpdate.swift */; };
		B12CBA612609040F006C8464 /* PendingRequestResponse.swift in Sources */ = {isa = PBXBuildFile; fileRef = B12CBA602609040F006C8464 /* PendingRequestResponse.swift */; };
		B13453E52606F93800EF3319 /* AllRequestsResponse.swift in Sources */ = {isa = PBXBuildFile; fileRef = B13453E42606F93800EF3319 /* AllRequestsResponse.swift */; };
		B1428C8D2598564600A75D9C /* ThemeConstants.swift in Sources */ = {isa = PBXBuildFile; fileRef = B1428C8C2598564600A75D9C /* ThemeConstants.swift */; };
		B1428C9125985AB300A75D9C /* AuthorizationViewController.swift in Sources */ = {isa = PBXBuildFile; fileRef = B1428C8F25985AB300A75D9C /* AuthorizationViewController.swift */; };
		B1428C9225985AB300A75D9C /* AuthorizationViewController.xib in Resources */ = {isa = PBXBuildFile; fileRef = B1428C9025985AB300A75D9C /* AuthorizationViewController.xib */; };
		B1428C9525985ACB00A75D9C /* AuthorizationPresenter.swift in Sources */ = {isa = PBXBuildFile; fileRef = B1428C9425985ACB00A75D9C /* AuthorizationPresenter.swift */; };
		B1428C9A259AE29500A75D9C /* LogInPasswordViewController.swift in Sources */ = {isa = PBXBuildFile; fileRef = B1428C98259AE29500A75D9C /* LogInPasswordViewController.swift */; };
		B1428C9B259AE29500A75D9C /* LogInPasswordViewController.xib in Resources */ = {isa = PBXBuildFile; fileRef = B1428C99259AE29500A75D9C /* LogInPasswordViewController.xib */; };
		B1428C9F259AE4C700A75D9C /* SMSAuthenticationViewController.swift in Sources */ = {isa = PBXBuildFile; fileRef = B1428C9D259AE4C700A75D9C /* SMSAuthenticationViewController.swift */; };
		B1428CA0259AE4C700A75D9C /* SMSAuthenticationViewController.xib in Resources */ = {isa = PBXBuildFile; fileRef = B1428C9E259AE4C700A75D9C /* SMSAuthenticationViewController.xib */; };
		B1428CA3259AE65400A75D9C /* LogInPasswordPresenter.swift in Sources */ = {isa = PBXBuildFile; fileRef = B1428CA2259AE65400A75D9C /* LogInPasswordPresenter.swift */; };
		B1428CA6259AE68A00A75D9C /* SMSAuthenticationPresenter.swift in Sources */ = {isa = PBXBuildFile; fileRef = B1428CA5259AE68A00A75D9C /* SMSAuthenticationPresenter.swift */; };
		B149ED68259C4191003C7C46 /* Views.swift in Sources */ = {isa = PBXBuildFile; fileRef = B149ED67259C4191003C7C46 /* Views.swift */; };
		B163D1CE259D73160005C731 /* HomeViewController.swift in Sources */ = {isa = PBXBuildFile; fileRef = B163D1CC259D73160005C731 /* HomeViewController.swift */; };
		B163D1CF259D73160005C731 /* HomeViewController.xib in Resources */ = {isa = PBXBuildFile; fileRef = B163D1CD259D73160005C731 /* HomeViewController.xib */; };
		B163D1D3259D73240005C731 /* HomePresenter.swift in Sources */ = {isa = PBXBuildFile; fileRef = B163D1D2259D73240005C731 /* HomePresenter.swift */; };
		B163D1D6259D732D0005C731 /* HomeRouter.swift in Sources */ = {isa = PBXBuildFile; fileRef = B163D1D5259D732D0005C731 /* HomeRouter.swift */; };
		B163D1D9259D73360005C731 /* HomeInteractor.swift in Sources */ = {isa = PBXBuildFile; fileRef = B163D1D8259D73360005C731 /* HomeInteractor.swift */; };
		B166B0D9259826B800AD6FD6 /* AppDelegate.swift in Sources */ = {isa = PBXBuildFile; fileRef = B166B0D8259826B800AD6FD6 /* AppDelegate.swift */; };
		B166B0DB259826B800AD6FD6 /* SceneDelegate.swift in Sources */ = {isa = PBXBuildFile; fileRef = B166B0DA259826B800AD6FD6 /* SceneDelegate.swift */; };
		B166B0E2259826BA00AD6FD6 /* Assets.xcassets in Resources */ = {isa = PBXBuildFile; fileRef = B166B0E1259826BA00AD6FD6 /* Assets.xcassets */; };
		B166B0E5259826BA00AD6FD6 /* LaunchScreen.storyboard in Resources */ = {isa = PBXBuildFile; fileRef = B166B0E3259826BA00AD6FD6 /* LaunchScreen.storyboard */; };
		B166B0FD259828D500AD6FD6 /* BaseViewController.swift in Sources */ = {isa = PBXBuildFile; fileRef = B166B0FC259828D500AD6FD6 /* BaseViewController.swift */; };
		B166B10025982AB600AD6FD6 /* BasePresenter.swift in Sources */ = {isa = PBXBuildFile; fileRef = B166B0FF25982AB600AD6FD6 /* BasePresenter.swift */; };
		B166B10325982AC300AD6FD6 /* BaseRouter.swift in Sources */ = {isa = PBXBuildFile; fileRef = B166B10225982AC300AD6FD6 /* BaseRouter.swift */; };
		B166B10625982ACD00AD6FD6 /* BaseInteractor.swift in Sources */ = {isa = PBXBuildFile; fileRef = B166B10525982ACD00AD6FD6 /* BaseInteractor.swift */; };
		B166B10925982AD800AD6FD6 /* BaseEntity.swift in Sources */ = {isa = PBXBuildFile; fileRef = B166B10825982AD800AD6FD6 /* BaseEntity.swift */; };
		B166B10C25982BD700AD6FD6 /* BaseError.swift in Sources */ = {isa = PBXBuildFile; fileRef = B166B10B25982BD700AD6FD6 /* BaseError.swift */; };
		B166B11F25982CB500AD6FD6 /* LaunchScreenPresenter.swift in Sources */ = {isa = PBXBuildFile; fileRef = B166B11A25982CB500AD6FD6 /* LaunchScreenPresenter.swift */; };
		B166B12025982CB500AD6FD6 /* LaunchRouter.swift in Sources */ = {isa = PBXBuildFile; fileRef = B166B11B25982CB500AD6FD6 /* LaunchRouter.swift */; };
		B166B12225982CB500AD6FD6 /* LaunchInteractor.swift in Sources */ = {isa = PBXBuildFile; fileRef = B166B11D25982CB500AD6FD6 /* LaunchInteractor.swift */; };
		B166B12725982CD600AD6FD6 /* LaunchScreenViewController.swift in Sources */ = {isa = PBXBuildFile; fileRef = B166B12525982CD600AD6FD6 /* LaunchScreenViewController.swift */; };
		B166B1382598386900AD6FD6 /* LogInViewController.swift in Sources */ = {isa = PBXBuildFile; fileRef = B166B1362598386900AD6FD6 /* LogInViewController.swift */; };
		B166B1392598386900AD6FD6 /* LogInViewController.xib in Resources */ = {isa = PBXBuildFile; fileRef = B166B1372598386900AD6FD6 /* LogInViewController.xib */; };
		B166B13E2598415200AD6FD6 /* LogInPresenter.swift in Sources */ = {isa = PBXBuildFile; fileRef = B166B13D2598415200AD6FD6 /* LogInPresenter.swift */; };
		B1717B162607F0530045B67B /* SharedModuleAPIManager.swift in Sources */ = {isa = PBXBuildFile; fileRef = B1717B152607F0530045B67B /* SharedModuleAPIManager.swift */; };
		B176F34C26878EC9007B3D78 /* DetailedRewardResponse.swift in Sources */ = {isa = PBXBuildFile; fileRef = B176F34B26878EC9007B3D78 /* DetailedRewardResponse.swift */; };
		B176F34F26879850007B3D78 /* DetailedRewardViewController.swift in Sources */ = {isa = PBXBuildFile; fileRef = B176F34D26879850007B3D78 /* DetailedRewardViewController.swift */; };
		B176F35026879850007B3D78 /* DetailedRewardViewController.xib in Resources */ = {isa = PBXBuildFile; fileRef = B176F34E26879850007B3D78 /* DetailedRewardViewController.xib */; };
		B176F35226879DCC007B3D78 /* SimpleBranch.swift in Sources */ = {isa = PBXBuildFile; fileRef = B176F35126879DCC007B3D78 /* SimpleBranch.swift */; };
		B176F3542687A17A007B3D78 /* DetailedRewardPresenter.swift in Sources */ = {isa = PBXBuildFile; fileRef = B176F3532687A17A007B3D78 /* DetailedRewardPresenter.swift */; };
		B176F3562687B28E007B3D78 /* RedeemRewardResponse.swift in Sources */ = {isa = PBXBuildFile; fileRef = B176F3552687B28E007B3D78 /* RedeemRewardResponse.swift */; };
		B176F3582687D1FB007B3D78 /* RedeemRewardCodeVerificationResponse.swift in Sources */ = {isa = PBXBuildFile; fileRef = B176F3572687D1FB007B3D78 /* RedeemRewardCodeVerificationResponse.swift */; };
		B176F35B2687D9D6007B3D78 /* SuccessRedeemViewController.swift in Sources */ = {isa = PBXBuildFile; fileRef = B176F3592687D9D6007B3D78 /* SuccessRedeemViewController.swift */; };
		B176F35C2687D9D6007B3D78 /* SuccessRedeemViewController.xib in Resources */ = {isa = PBXBuildFile; fileRef = B176F35A2687D9D6007B3D78 /* SuccessRedeemViewController.xib */; };
		B176F35E2687E563007B3D78 /* SuccessRedeemPresenter.swift in Sources */ = {isa = PBXBuildFile; fileRef = B176F35D2687E563007B3D78 /* SuccessRedeemPresenter.swift */; };
		B17B3456268633B100F958FD /* FilterRequestsViewController.swift in Sources */ = {isa = PBXBuildFile; fileRef = B17B3454268633B100F958FD /* FilterRequestsViewController.swift */; };
		B17B3457268633B100F958FD /* FilterRequestsViewController.xib in Resources */ = {isa = PBXBuildFile; fileRef = B17B3455268633B100F958FD /* FilterRequestsViewController.xib */; };
		B196C5552606C5D900194A1D /* Network.swift in Sources */ = {isa = PBXBuildFile; fileRef = B196C5542606C5D900194A1D /* Network.swift */; };
		B196C5582606C5E400194A1D /* NetworkError.swift in Sources */ = {isa = PBXBuildFile; fileRef = B196C5572606C5E400194A1D /* NetworkError.swift */; };
		B196C55B2606C60B00194A1D /* DecodableError.swift in Sources */ = {isa = PBXBuildFile; fileRef = B196C55A2606C60B00194A1D /* DecodableError.swift */; };
		B196C55E2606C61200194A1D /* KeyChain.swift in Sources */ = {isa = PBXBuildFile; fileRef = B196C55D2606C61200194A1D /* KeyChain.swift */; };
		B196C5612606C61800194A1D /* Constants.swift in Sources */ = {isa = PBXBuildFile; fileRef = B196C5602606C61800194A1D /* Constants.swift */; };
		B196C5642606C85200194A1D /* LaunchModuleAPIManager.swift in Sources */ = {isa = PBXBuildFile; fileRef = B196C5632606C85200194A1D /* LaunchModuleAPIManager.swift */; };
		B196C5672606C8D600194A1D /* LoginPasswordResponse.swift in Sources */ = {isa = PBXBuildFile; fileRef = B196C5662606C8D600194A1D /* LoginPasswordResponse.swift */; };
		B196C56A2606CCAF00194A1D /* RegisterResponse.swift in Sources */ = {isa = PBXBuildFile; fileRef = B196C5692606CCAF00194A1D /* RegisterResponse.swift */; };
		B196C5772606D3F200194A1D /* AppUser.swift in Sources */ = {isa = PBXBuildFile; fileRef = B196C5762606D3F200194A1D /* AppUser.swift */; };
		B196C57D2606DECC00194A1D /* Date.swift in Sources */ = {isa = PBXBuildFile; fileRef = B196C57C2606DECC00194A1D /* Date.swift */; };
		B196C5802606E75C00194A1D /* SpecificRequestResponse.swift in Sources */ = {isa = PBXBuildFile; fileRef = B196C57F2606E75C00194A1D /* SpecificRequestResponse.swift */; };
		B196C5862606ED5B00194A1D /* HomeModuleAPIManager.swift in Sources */ = {isa = PBXBuildFile; fileRef = B196C5852606ED5B00194A1D /* HomeModuleAPIManager.swift */; };
		B1A471A6259D95E4006152C1 /* RequestBasicTableViewCell.swift in Sources */ = {isa = PBXBuildFile; fileRef = B1A471A4259D95E4006152C1 /* RequestBasicTableViewCell.swift */; };
		B1A471A7259D95E4006152C1 /* RequestBasicTableViewCell.xib in Resources */ = {isa = PBXBuildFile; fileRef = B1A471A5259D95E4006152C1 /* RequestBasicTableViewCell.xib */; };
		B1A471AB259D9F38006152C1 /* SimpleRequest.swift in Sources */ = {isa = PBXBuildFile; fileRef = B1A471AA259D9F38006152C1 /* SimpleRequest.swift */; };
		B1A471AE259DA02D006152C1 /* RequestFilters.swift in Sources */ = {isa = PBXBuildFile; fileRef = B1A471AD259DA02D006152C1 /* RequestFilters.swift */; };
		B1A471B8259DAC17006152C1 /* NewRequestViewController.swift in Sources */ = {isa = PBXBuildFile; fileRef = B1A471B6259DAC17006152C1 /* NewRequestViewController.swift */; };
		B1A471B9259DAC17006152C1 /* NewRequestViewController.xib in Resources */ = {isa = PBXBuildFile; fileRef = B1A471B7259DAC17006152C1 /* NewRequestViewController.xib */; };
		B1A471BD259DAC25006152C1 /* NewRequestInteractor.swift in Sources */ = {isa = PBXBuildFile; fileRef = B1A471BC259DAC25006152C1 /* NewRequestInteractor.swift */; };
		B1A471C0259DAC38006152C1 /* NewRequestPresenter.swift in Sources */ = {isa = PBXBuildFile; fileRef = B1A471BF259DAC38006152C1 /* NewRequestPresenter.swift */; };
		B1A471C3259DAC44006152C1 /* NewRequestRouter.swift in Sources */ = {isa = PBXBuildFile; fileRef = B1A471C2259DAC44006152C1 /* NewRequestRouter.swift */; };
		B1A471C7259DB00B006152C1 /* BloodTypeSelectionButton.swift in Sources */ = {isa = PBXBuildFile; fileRef = B1A471C6259DB00B006152C1 /* BloodTypeSelectionButton.swift */; };
		B1A471D4259DBE92006152C1 /* NotificationsViewController.swift in Sources */ = {isa = PBXBuildFile; fileRef = B1A471D2259DBE92006152C1 /* NotificationsViewController.swift */; };
		B1A471D5259DBE92006152C1 /* NotificationsViewController.xib in Resources */ = {isa = PBXBuildFile; fileRef = B1A471D3259DBE92006152C1 /* NotificationsViewController.xib */; };
		B1A471D8259DBE9C006152C1 /* NotificationsInteractor.swift in Sources */ = {isa = PBXBuildFile; fileRef = B1A471D7259DBE9C006152C1 /* NotificationsInteractor.swift */; };
		B1A471DB259DBEC2006152C1 /* NotificationsPresenter.swift in Sources */ = {isa = PBXBuildFile; fileRef = B1A471DA259DBEC2006152C1 /* NotificationsPresenter.swift */; };
		B1A471DE259DBECC006152C1 /* NotificationsRouter.swift in Sources */ = {isa = PBXBuildFile; fileRef = B1A471DD259DBECC006152C1 /* NotificationsRouter.swift */; };
		B1A471E4259DC03A006152C1 /* NotificationTableViewCell.swift in Sources */ = {isa = PBXBuildFile; fileRef = B1A471E2259DC03A006152C1 /* NotificationTableViewCell.swift */; };
		B1A471E5259DC03A006152C1 /* NotificationTableViewCell.xib in Resources */ = {isa = PBXBuildFile; fileRef = B1A471E3259DC03A006152C1 /* NotificationTableViewCell.xib */; };
		B1A471F1259DC764006152C1 /* ProfileViewController.swift in Sources */ = {isa = PBXBuildFile; fileRef = B1A471EF259DC764006152C1 /* ProfileViewController.swift */; };
		B1A471F2259DC764006152C1 /* ProfileViewController.xib in Resources */ = {isa = PBXBuildFile; fileRef = B1A471F0259DC764006152C1 /* ProfileViewController.xib */; };
		B1A471F5259DC78A006152C1 /* ProfileInteractor.swift in Sources */ = {isa = PBXBuildFile; fileRef = B1A471F4259DC78A006152C1 /* ProfileInteractor.swift */; };
		B1A471F8259DC792006152C1 /* ProfileRouter.swift in Sources */ = {isa = PBXBuildFile; fileRef = B1A471F7259DC792006152C1 /* ProfileRouter.swift */; };
		B1A471FB259DC79B006152C1 /* ProfilePresenter.swift in Sources */ = {isa = PBXBuildFile; fileRef = B1A471FA259DC79B006152C1 /* ProfilePresenter.swift */; };
		B1A471FF259DDCF6006152C1 /* MainTabBarViewController.swift in Sources */ = {isa = PBXBuildFile; fileRef = B1A471FE259DDCF6006152C1 /* MainTabBarViewController.swift */; };
		B1B3A1E9259D88EE0089E41D /* UIImage.swift in Sources */ = {isa = PBXBuildFile; fileRef = B1B3A1E8259D88EE0089E41D /* UIImage.swift */; };
		B1C22F3525E4BA28002EECD9 /* RegExHandler.swift in Sources */ = {isa = PBXBuildFile; fileRef = B1C22F3425E4BA28002EECD9 /* RegExHandler.swift */; };
		B1C22F4D25E4D891002EECD9 /* CustomFloatingPlaceholderTextField.swift in Sources */ = {isa = PBXBuildFile; fileRef = B1C22F4C25E4D891002EECD9 /* CustomFloatingPlaceholderTextField.swift */; };
		B1C22F5125E6F0B3002EECD9 /* FirstNameTextField.swift in Sources */ = {isa = PBXBuildFile; fileRef = B1C22F5025E6F0B3002EECD9 /* FirstNameTextField.swift */; };
		B1C22F5925E6F27D002EECD9 /* LastNameTextField.swift in Sources */ = {isa = PBXBuildFile; fileRef = B1C22F5825E6F27D002EECD9 /* LastNameTextField.swift */; };
		B1C22F5C25E6F2AB002EECD9 /* PhoneNumberTextField.swift in Sources */ = {isa = PBXBuildFile; fileRef = B1C22F5B25E6F2AB002EECD9 /* PhoneNumberTextField.swift */; };
		B1C22F5F25E6F4B6002EECD9 /* BirthDateTextField.swift in Sources */ = {isa = PBXBuildFile; fileRef = B1C22F5E25E6F4B6002EECD9 /* BirthDateTextField.swift */; };
		B1C22F6225E6F507002EECD9 /* BloodTypeTextField.swift in Sources */ = {isa = PBXBuildFile; fileRef = B1C22F6125E6F507002EECD9 /* BloodTypeTextField.swift */; };
		B1C22F6525E6F515002EECD9 /* GenderTextField.swift in Sources */ = {isa = PBXBuildFile; fileRef = B1C22F6425E6F515002EECD9 /* GenderTextField.swift */; };
		B1C22F6825E6F52A002EECD9 /* LocationTextField.swift in Sources */ = {isa = PBXBuildFile; fileRef = B1C22F6725E6F52A002EECD9 /* LocationTextField.swift */; };
		B1C22F6B25E6F53E002EECD9 /* PasswordTextField.swift in Sources */ = {isa = PBXBuildFile; fileRef = B1C22F6A25E6F53E002EECD9 /* PasswordTextField.swift */; };
		B1C22F6E25E6F552002EECD9 /* PasswordConfirmationTextField.swift in Sources */ = {isa = PBXBuildFile; fileRef = B1C22F6D25E6F552002EECD9 /* PasswordConfirmationTextField.swift */; };
		B1C22F7A25E70C4A002EECD9 /* MapSelectorViewController.swift in Sources */ = {isa = PBXBuildFile; fileRef = B1C22F7825E70C4A002EECD9 /* MapSelectorViewController.swift */; };
		B1C22F7B25E70C4A002EECD9 /* MapSelectorViewController.xib in Resources */ = {isa = PBXBuildFile; fileRef = B1C22F7925E70C4A002EECD9 /* MapSelectorViewController.xib */; };
		B1C524D6266E94DF00F0E4B6 /* VerifyAccountResponse.swift in Sources */ = {isa = PBXBuildFile; fileRef = B1C524D5266E94DF00F0E4B6 /* VerifyAccountResponse.swift */; };
		B1CDAE7C2687346F0019D7E3 /* AllRewardsViewController.swift in Sources */ = {isa = PBXBuildFile; fileRef = B1CDAE7A2687346F0019D7E3 /* AllRewardsViewController.swift */; };
		B1CDAE7D2687346F0019D7E3 /* AllRewardsViewController.xib in Resources */ = {isa = PBXBuildFile; fileRef = B1CDAE7B2687346F0019D7E3 /* AllRewardsViewController.xib */; };
		B1CDAE7F268735A40019D7E3 /* AllRewardsPresenter.swift in Sources */ = {isa = PBXBuildFile; fileRef = B1CDAE7E268735A40019D7E3 /* AllRewardsPresenter.swift */; };
		B1CDAE82268739730019D7E3 /* RewardCollectionViewCell.swift in Sources */ = {isa = PBXBuildFile; fileRef = B1CDAE80268739730019D7E3 /* RewardCollectionViewCell.swift */; };
		B1CDAE83268739730019D7E3 /* RewardCollectionViewCell.xib in Resources */ = {isa = PBXBuildFile; fileRef = B1CDAE81268739730019D7E3 /* RewardCollectionViewCell.xib */; };
		B1CDAE8526875A3F0019D7E3 /* SimpleReward.swift in Sources */ = {isa = PBXBuildFile; fileRef = B1CDAE8426875A3F0019D7E3 /* SimpleReward.swift */; };
		B1CDAE8726875ADB0019D7E3 /* AllRewardsResponse.swift in Sources */ = {isa = PBXBuildFile; fileRef = B1CDAE8626875ADB0019D7E3 /* AllRewardsResponse.swift */; };
		B1F6E6EE2667D17C0038982C /* LogInUsingCodeResponse.swift in Sources */ = {isa = PBXBuildFile; fileRef = B1F6E6ED2667D17C0038982C /* LogInUsingCodeResponse.swift */; };
		B1F6E6F12667D40C0038982C /* LoginRequestCodeResponse.swift in Sources */ = {isa = PBXBuildFile; fileRef = B1F6E6F02667D40C0038982C /* LoginRequestCodeResponse.swift */; };
		B1FD6CB72681CDEA00C8E3E2 /* GetUserDataResponse.swift in Sources */ = {isa = PBXBuildFile; fileRef = B1FD6CB62681CDEA00C8E3E2 /* GetUserDataResponse.swift */; };
		B1FD6CBA2681E6A300C8E3E2 /* Localizable.strings in Resources */ = {isa = PBXBuildFile; fileRef = B1FD6CBC2681E6A300C8E3E2 /* Localizable.strings */; };
		B1FD6CCC2681EB4800C8E3E2 /* LaunchScreenViewController.xib in Resources */ = {isa = PBXBuildFile; fileRef = B1FD6CCA2681EB4800C8E3E2 /* LaunchScreenViewController.xib */; };
/* End PBXBuildFile section */

/* Begin PBXFileReference section */
		38B1791A66AF9DEBE0F616E8 /* Pods-Shoryan.debug.xcconfig */ = {isa = PBXFileReference; includeInIndex = 1; lastKnownFileType = text.xcconfig; name = "Pods-Shoryan.debug.xcconfig"; path = "Target Support Files/Pods-Shoryan/Pods-Shoryan.debug.xcconfig"; sourceTree = "<group>"; };
		8B6D1215174CF978C1FB5C42 /* Pods-Shoryan.release.xcconfig */ = {isa = PBXFileReference; includeInIndex = 1; lastKnownFileType = text.xcconfig; name = "Pods-Shoryan.release.xcconfig"; path = "Target Support Files/Pods-Shoryan/Pods-Shoryan.release.xcconfig"; sourceTree = "<group>"; };
		B1087F9C2607A42100158209 /* RequestViewController.swift */ = {isa = PBXFileReference; lastKnownFileType = sourcecode.swift; path = RequestViewController.swift; sourceTree = "<group>"; };
		B1087F9D2607A42100158209 /* RequestViewController.xib */ = {isa = PBXFileReference; lastKnownFileType = file.xib; path = RequestViewController.xib; sourceTree = "<group>"; };
		B1087FA12607D77600158209 /* DetailedRequest.swift */ = {isa = PBXFileReference; lastKnownFileType = sourcecode.swift; path = DetailedRequest.swift; sourceTree = "<group>"; };
		B114ADCF259AF0890052C89D /* String.swift */ = {isa = PBXFileReference; lastKnownFileType = sourcecode.swift; path = String.swift; sourceTree = "<group>"; };
		B114ADDA259AFF4E0052C89D /* UnderlinedUITextField.swift */ = {isa = PBXFileReference; lastKnownFileType = sourcecode.swift; path = UnderlinedUITextField.swift; sourceTree = "<group>"; };
		B114ADDE259C20880052C89D /* SignUpViewController.swift */ = {isa = PBXFileReference; lastKnownFileType = sourcecode.swift; path = SignUpViewController.swift; sourceTree = "<group>"; };
		B114ADDF259C20880052C89D /* SignUpViewController.xib */ = {isa = PBXFileReference; lastKnownFileType = file.xib; path = SignUpViewController.xib; sourceTree = "<group>"; };
		B114ADE3259C38F80052C89D /* SignUpPresenter.swift */ = {isa = PBXFileReference; lastKnownFileType = sourcecode.swift; path = SignUpPresenter.swift; sourceTree = "<group>"; };
		B12CBA4B260803E1006C8464 /* RequestPresenter.swift */ = {isa = PBXFileReference; lastKnownFileType = sourcecode.swift; path = RequestPresenter.swift; sourceTree = "<group>"; };
		B12CBA502608CA02006C8464 /* SharedInteractor.swift */ = {isa = PBXFileReference; lastKnownFileType = sourcecode.swift; path = SharedInteractor.swift; sourceTree = "<group>"; };
		B12CBA542608CA0D006C8464 /* SharedRouter.swift */ = {isa = PBXFileReference; lastKnownFileType = sourcecode.swift; path = SharedRouter.swift; sourceTree = "<group>"; };
		B12CBA572608D367006C8464 /* RequestUpdateResponse.swift */ = {isa = PBXFileReference; lastKnownFileType = sourcecode.swift; path = RequestUpdateResponse.swift; sourceTree = "<group>"; };
		B12CBA5A2608D702006C8464 /* RequestUpdate.swift */ = {isa = PBXFileReference; lastKnownFileType = sourcecode.swift; path = RequestUpdate.swift; sourceTree = "<group>"; };
		B12CBA602609040F006C8464 /* PendingRequestResponse.swift */ = {isa = PBXFileReference; lastKnownFileType = sourcecode.swift; path = PendingRequestResponse.swift; sourceTree = "<group>"; };
		B13453E42606F93800EF3319 /* AllRequestsResponse.swift */ = {isa = PBXFileReference; lastKnownFileType = sourcecode.swift; path = AllRequestsResponse.swift; sourceTree = "<group>"; };
		B1428C8C2598564600A75D9C /* ThemeConstants.swift */ = {isa = PBXFileReference; lastKnownFileType = sourcecode.swift; path = ThemeConstants.swift; sourceTree = "<group>"; };
		B1428C8F25985AB300A75D9C /* AuthorizationViewController.swift */ = {isa = PBXFileReference; lastKnownFileType = sourcecode.swift; path = AuthorizationViewController.swift; sourceTree = "<group>"; };
		B1428C9025985AB300A75D9C /* AuthorizationViewController.xib */ = {isa = PBXFileReference; lastKnownFileType = file.xib; path = AuthorizationViewController.xib; sourceTree = "<group>"; };
		B1428C9425985ACB00A75D9C /* AuthorizationPresenter.swift */ = {isa = PBXFileReference; lastKnownFileType = sourcecode.swift; path = AuthorizationPresenter.swift; sourceTree = "<group>"; };
		B1428C98259AE29500A75D9C /* LogInPasswordViewController.swift */ = {isa = PBXFileReference; lastKnownFileType = sourcecode.swift; path = LogInPasswordViewController.swift; sourceTree = "<group>"; };
		B1428C99259AE29500A75D9C /* LogInPasswordViewController.xib */ = {isa = PBXFileReference; lastKnownFileType = file.xib; path = LogInPasswordViewController.xib; sourceTree = "<group>"; };
		B1428C9D259AE4C700A75D9C /* SMSAuthenticationViewController.swift */ = {isa = PBXFileReference; lastKnownFileType = sourcecode.swift; path = SMSAuthenticationViewController.swift; sourceTree = "<group>"; };
		B1428C9E259AE4C700A75D9C /* SMSAuthenticationViewController.xib */ = {isa = PBXFileReference; lastKnownFileType = file.xib; path = SMSAuthenticationViewController.xib; sourceTree = "<group>"; };
		B1428CA2259AE65400A75D9C /* LogInPasswordPresenter.swift */ = {isa = PBXFileReference; lastKnownFileType = sourcecode.swift; path = LogInPasswordPresenter.swift; sourceTree = "<group>"; };
		B1428CA5259AE68A00A75D9C /* SMSAuthenticationPresenter.swift */ = {isa = PBXFileReference; lastKnownFileType = sourcecode.swift; path = SMSAuthenticationPresenter.swift; sourceTree = "<group>"; };
		B149ED67259C4191003C7C46 /* Views.swift */ = {isa = PBXFileReference; lastKnownFileType = sourcecode.swift; path = Views.swift; sourceTree = "<group>"; };
		B163D1CC259D73160005C731 /* HomeViewController.swift */ = {isa = PBXFileReference; lastKnownFileType = sourcecode.swift; path = HomeViewController.swift; sourceTree = "<group>"; };
		B163D1CD259D73160005C731 /* HomeViewController.xib */ = {isa = PBXFileReference; lastKnownFileType = file.xib; path = HomeViewController.xib; sourceTree = "<group>"; };
		B163D1D2259D73240005C731 /* HomePresenter.swift */ = {isa = PBXFileReference; lastKnownFileType = sourcecode.swift; path = HomePresenter.swift; sourceTree = "<group>"; };
		B163D1D5259D732D0005C731 /* HomeRouter.swift */ = {isa = PBXFileReference; lastKnownFileType = sourcecode.swift; path = HomeRouter.swift; sourceTree = "<group>"; };
		B163D1D8259D73360005C731 /* HomeInteractor.swift */ = {isa = PBXFileReference; lastKnownFileType = sourcecode.swift; path = HomeInteractor.swift; sourceTree = "<group>"; };
		B166B0D5259826B800AD6FD6 /* Shoryan.app */ = {isa = PBXFileReference; explicitFileType = wrapper.application; includeInIndex = 0; path = Shoryan.app; sourceTree = BUILT_PRODUCTS_DIR; };
		B166B0D8259826B800AD6FD6 /* AppDelegate.swift */ = {isa = PBXFileReference; lastKnownFileType = sourcecode.swift; path = AppDelegate.swift; sourceTree = "<group>"; };
		B166B0DA259826B800AD6FD6 /* SceneDelegate.swift */ = {isa = PBXFileReference; lastKnownFileType = sourcecode.swift; path = SceneDelegate.swift; sourceTree = "<group>"; };
		B166B0E1259826BA00AD6FD6 /* Assets.xcassets */ = {isa = PBXFileReference; lastKnownFileType = folder.assetcatalog; path = Assets.xcassets; sourceTree = "<group>"; };
		B166B0E4259826BA00AD6FD6 /* Base */ = {isa = PBXFileReference; lastKnownFileType = file.storyboard; name = Base; path = Base.lproj/LaunchScreen.storyboard; sourceTree = "<group>"; };
		B166B0E6259826BA00AD6FD6 /* Info.plist */ = {isa = PBXFileReference; lastKnownFileType = text.plist.xml; path = Info.plist; sourceTree = "<group>"; };
		B166B0FC259828D500AD6FD6 /* BaseViewController.swift */ = {isa = PBXFileReference; lastKnownFileType = sourcecode.swift; path = BaseViewController.swift; sourceTree = "<group>"; };
		B166B0FF25982AB600AD6FD6 /* BasePresenter.swift */ = {isa = PBXFileReference; lastKnownFileType = sourcecode.swift; path = BasePresenter.swift; sourceTree = "<group>"; };
		B166B10225982AC300AD6FD6 /* BaseRouter.swift */ = {isa = PBXFileReference; lastKnownFileType = sourcecode.swift; path = BaseRouter.swift; sourceTree = "<group>"; };
		B166B10525982ACD00AD6FD6 /* BaseInteractor.swift */ = {isa = PBXFileReference; lastKnownFileType = sourcecode.swift; path = BaseInteractor.swift; sourceTree = "<group>"; };
		B166B10825982AD800AD6FD6 /* BaseEntity.swift */ = {isa = PBXFileReference; lastKnownFileType = sourcecode.swift; path = BaseEntity.swift; sourceTree = "<group>"; };
		B166B10B25982BD700AD6FD6 /* BaseError.swift */ = {isa = PBXFileReference; lastKnownFileType = sourcecode.swift; path = BaseError.swift; sourceTree = "<group>"; };
		B166B11A25982CB500AD6FD6 /* LaunchScreenPresenter.swift */ = {isa = PBXFileReference; lastKnownFileType = sourcecode.swift; path = LaunchScreenPresenter.swift; sourceTree = "<group>"; };
		B166B11B25982CB500AD6FD6 /* LaunchRouter.swift */ = {isa = PBXFileReference; lastKnownFileType = sourcecode.swift; path = LaunchRouter.swift; sourceTree = "<group>"; };
		B166B11D25982CB500AD6FD6 /* LaunchInteractor.swift */ = {isa = PBXFileReference; lastKnownFileType = sourcecode.swift; path = LaunchInteractor.swift; sourceTree = "<group>"; };
		B166B12525982CD600AD6FD6 /* LaunchScreenViewController.swift */ = {isa = PBXFileReference; lastKnownFileType = sourcecode.swift; path = LaunchScreenViewController.swift; sourceTree = "<group>"; };
		B166B1362598386900AD6FD6 /* LogInViewController.swift */ = {isa = PBXFileReference; lastKnownFileType = sourcecode.swift; path = LogInViewController.swift; sourceTree = "<group>"; };
		B166B1372598386900AD6FD6 /* LogInViewController.xib */ = {isa = PBXFileReference; lastKnownFileType = file.xib; path = LogInViewController.xib; sourceTree = "<group>"; };
		B166B13D2598415200AD6FD6 /* LogInPresenter.swift */ = {isa = PBXFileReference; lastKnownFileType = sourcecode.swift; path = LogInPresenter.swift; sourceTree = "<group>"; };
		B1717B152607F0530045B67B /* SharedModuleAPIManager.swift */ = {isa = PBXFileReference; lastKnownFileType = sourcecode.swift; path = SharedModuleAPIManager.swift; sourceTree = "<group>"; };
		B176F34B26878EC9007B3D78 /* DetailedRewardResponse.swift */ = {isa = PBXFileReference; lastKnownFileType = sourcecode.swift; path = DetailedRewardResponse.swift; sourceTree = "<group>"; };
		B176F34D26879850007B3D78 /* DetailedRewardViewController.swift */ = {isa = PBXFileReference; lastKnownFileType = sourcecode.swift; path = DetailedRewardViewController.swift; sourceTree = "<group>"; };
		B176F34E26879850007B3D78 /* DetailedRewardViewController.xib */ = {isa = PBXFileReference; lastKnownFileType = file.xib; path = DetailedRewardViewController.xib; sourceTree = "<group>"; };
		B176F35126879DCC007B3D78 /* SimpleBranch.swift */ = {isa = PBXFileReference; lastKnownFileType = sourcecode.swift; path = SimpleBranch.swift; sourceTree = "<group>"; };
		B176F3532687A17A007B3D78 /* DetailedRewardPresenter.swift */ = {isa = PBXFileReference; lastKnownFileType = sourcecode.swift; path = DetailedRewardPresenter.swift; sourceTree = "<group>"; };
		B176F3552687B28E007B3D78 /* RedeemRewardResponse.swift */ = {isa = PBXFileReference; lastKnownFileType = sourcecode.swift; path = RedeemRewardResponse.swift; sourceTree = "<group>"; };
		B176F3572687D1FB007B3D78 /* RedeemRewardCodeVerificationResponse.swift */ = {isa = PBXFileReference; lastKnownFileType = sourcecode.swift; path = RedeemRewardCodeVerificationResponse.swift; sourceTree = "<group>"; };
		B176F3592687D9D6007B3D78 /* SuccessRedeemViewController.swift */ = {isa = PBXFileReference; lastKnownFileType = sourcecode.swift; path = SuccessRedeemViewController.swift; sourceTree = "<group>"; };
		B176F35A2687D9D6007B3D78 /* SuccessRedeemViewController.xib */ = {isa = PBXFileReference; lastKnownFileType = file.xib; path = SuccessRedeemViewController.xib; sourceTree = "<group>"; };
		B176F35D2687E563007B3D78 /* SuccessRedeemPresenter.swift */ = {isa = PBXFileReference; lastKnownFileType = sourcecode.swift; path = SuccessRedeemPresenter.swift; sourceTree = "<group>"; };
		B17B3454268633B100F958FD /* FilterRequestsViewController.swift */ = {isa = PBXFileReference; lastKnownFileType = sourcecode.swift; path = FilterRequestsViewController.swift; sourceTree = "<group>"; };
		B17B3455268633B100F958FD /* FilterRequestsViewController.xib */ = {isa = PBXFileReference; lastKnownFileType = file.xib; path = FilterRequestsViewController.xib; sourceTree = "<group>"; };
		B181453E25E8B15D009C6221 /* Shoryan.entitlements */ = {isa = PBXFileReference; lastKnownFileType = text.plist.entitlements; path = Shoryan.entitlements; sourceTree = "<group>"; };
		B196C5542606C5D900194A1D /* Network.swift */ = {isa = PBXFileReference; fileEncoding = 4; lastKnownFileType = sourcecode.swift; path = Network.swift; sourceTree = "<group>"; };
		B196C5572606C5E400194A1D /* NetworkError.swift */ = {isa = PBXFileReference; fileEncoding = 4; lastKnownFileType = sourcecode.swift; path = NetworkError.swift; sourceTree = "<group>"; };
		B196C55A2606C60B00194A1D /* DecodableError.swift */ = {isa = PBXFileReference; fileEncoding = 4; lastKnownFileType = sourcecode.swift; path = DecodableError.swift; sourceTree = "<group>"; };
		B196C55D2606C61200194A1D /* KeyChain.swift */ = {isa = PBXFileReference; fileEncoding = 4; lastKnownFileType = sourcecode.swift; path = KeyChain.swift; sourceTree = "<group>"; };
		B196C5602606C61800194A1D /* Constants.swift */ = {isa = PBXFileReference; fileEncoding = 4; lastKnownFileType = sourcecode.swift; path = Constants.swift; sourceTree = "<group>"; };
		B196C5632606C85200194A1D /* LaunchModuleAPIManager.swift */ = {isa = PBXFileReference; fileEncoding = 4; lastKnownFileType = sourcecode.swift; path = LaunchModuleAPIManager.swift; sourceTree = "<group>"; };
		B196C5662606C8D600194A1D /* LoginPasswordResponse.swift */ = {isa = PBXFileReference; lastKnownFileType = sourcecode.swift; path = LoginPasswordResponse.swift; sourceTree = "<group>"; };
		B196C5692606CCAF00194A1D /* RegisterResponse.swift */ = {isa = PBXFileReference; lastKnownFileType = sourcecode.swift; path = RegisterResponse.swift; sourceTree = "<group>"; };
		B196C5762606D3F200194A1D /* AppUser.swift */ = {isa = PBXFileReference; fileEncoding = 4; lastKnownFileType = sourcecode.swift; path = AppUser.swift; sourceTree = "<group>"; };
		B196C57C2606DECC00194A1D /* Date.swift */ = {isa = PBXFileReference; lastKnownFileType = sourcecode.swift; path = Date.swift; sourceTree = "<group>"; };
		B196C57F2606E75C00194A1D /* SpecificRequestResponse.swift */ = {isa = PBXFileReference; lastKnownFileType = sourcecode.swift; path = SpecificRequestResponse.swift; sourceTree = "<group>"; };
		B196C5852606ED5B00194A1D /* HomeModuleAPIManager.swift */ = {isa = PBXFileReference; lastKnownFileType = sourcecode.swift; path = HomeModuleAPIManager.swift; sourceTree = "<group>"; };
		B1A471A4259D95E4006152C1 /* RequestBasicTableViewCell.swift */ = {isa = PBXFileReference; lastKnownFileType = sourcecode.swift; path = RequestBasicTableViewCell.swift; sourceTree = "<group>"; };
		B1A471A5259D95E4006152C1 /* RequestBasicTableViewCell.xib */ = {isa = PBXFileReference; lastKnownFileType = file.xib; path = RequestBasicTableViewCell.xib; sourceTree = "<group>"; };
		B1A471AA259D9F38006152C1 /* SimpleRequest.swift */ = {isa = PBXFileReference; lastKnownFileType = sourcecode.swift; path = SimpleRequest.swift; sourceTree = "<group>"; };
		B1A471AD259DA02D006152C1 /* RequestFilters.swift */ = {isa = PBXFileReference; lastKnownFileType = sourcecode.swift; path = RequestFilters.swift; sourceTree = "<group>"; };
		B1A471B6259DAC17006152C1 /* NewRequestViewController.swift */ = {isa = PBXFileReference; lastKnownFileType = sourcecode.swift; path = NewRequestViewController.swift; sourceTree = "<group>"; };
		B1A471B7259DAC17006152C1 /* NewRequestViewController.xib */ = {isa = PBXFileReference; lastKnownFileType = file.xib; path = NewRequestViewController.xib; sourceTree = "<group>"; };
		B1A471BC259DAC25006152C1 /* NewRequestInteractor.swift */ = {isa = PBXFileReference; lastKnownFileType = sourcecode.swift; path = NewRequestInteractor.swift; sourceTree = "<group>"; };
		B1A471BF259DAC38006152C1 /* NewRequestPresenter.swift */ = {isa = PBXFileReference; lastKnownFileType = sourcecode.swift; path = NewRequestPresenter.swift; sourceTree = "<group>"; };
		B1A471C2259DAC44006152C1 /* NewRequestRouter.swift */ = {isa = PBXFileReference; lastKnownFileType = sourcecode.swift; path = NewRequestRouter.swift; sourceTree = "<group>"; };
		B1A471C6259DB00B006152C1 /* BloodTypeSelectionButton.swift */ = {isa = PBXFileReference; lastKnownFileType = sourcecode.swift; path = BloodTypeSelectionButton.swift; sourceTree = "<group>"; };
		B1A471D2259DBE92006152C1 /* NotificationsViewController.swift */ = {isa = PBXFileReference; lastKnownFileType = sourcecode.swift; path = NotificationsViewController.swift; sourceTree = "<group>"; };
		B1A471D3259DBE92006152C1 /* NotificationsViewController.xib */ = {isa = PBXFileReference; lastKnownFileType = file.xib; path = NotificationsViewController.xib; sourceTree = "<group>"; };
		B1A471D7259DBE9C006152C1 /* NotificationsInteractor.swift */ = {isa = PBXFileReference; lastKnownFileType = sourcecode.swift; path = NotificationsInteractor.swift; sourceTree = "<group>"; };
		B1A471DA259DBEC2006152C1 /* NotificationsPresenter.swift */ = {isa = PBXFileReference; lastKnownFileType = sourcecode.swift; path = NotificationsPresenter.swift; sourceTree = "<group>"; };
		B1A471DD259DBECC006152C1 /* NotificationsRouter.swift */ = {isa = PBXFileReference; lastKnownFileType = sourcecode.swift; path = NotificationsRouter.swift; sourceTree = "<group>"; };
		B1A471E2259DC03A006152C1 /* NotificationTableViewCell.swift */ = {isa = PBXFileReference; lastKnownFileType = sourcecode.swift; path = NotificationTableViewCell.swift; sourceTree = "<group>"; };
		B1A471E3259DC03A006152C1 /* NotificationTableViewCell.xib */ = {isa = PBXFileReference; lastKnownFileType = file.xib; path = NotificationTableViewCell.xib; sourceTree = "<group>"; };
		B1A471EF259DC764006152C1 /* ProfileViewController.swift */ = {isa = PBXFileReference; lastKnownFileType = sourcecode.swift; path = ProfileViewController.swift; sourceTree = "<group>"; };
		B1A471F0259DC764006152C1 /* ProfileViewController.xib */ = {isa = PBXFileReference; lastKnownFileType = file.xib; path = ProfileViewController.xib; sourceTree = "<group>"; };
		B1A471F4259DC78A006152C1 /* ProfileInteractor.swift */ = {isa = PBXFileReference; lastKnownFileType = sourcecode.swift; path = ProfileInteractor.swift; sourceTree = "<group>"; };
		B1A471F7259DC792006152C1 /* ProfileRouter.swift */ = {isa = PBXFileReference; lastKnownFileType = sourcecode.swift; path = ProfileRouter.swift; sourceTree = "<group>"; };
		B1A471FA259DC79B006152C1 /* ProfilePresenter.swift */ = {isa = PBXFileReference; lastKnownFileType = sourcecode.swift; path = ProfilePresenter.swift; sourceTree = "<group>"; };
		B1A471FE259DDCF6006152C1 /* MainTabBarViewController.swift */ = {isa = PBXFileReference; lastKnownFileType = sourcecode.swift; path = MainTabBarViewController.swift; sourceTree = "<group>"; };
		B1B3A1E8259D88EE0089E41D /* UIImage.swift */ = {isa = PBXFileReference; lastKnownFileType = sourcecode.swift; path = UIImage.swift; sourceTree = "<group>"; };
		B1C22F3425E4BA28002EECD9 /* RegExHandler.swift */ = {isa = PBXFileReference; lastKnownFileType = sourcecode.swift; path = RegExHandler.swift; sourceTree = "<group>"; };
		B1C22F4C25E4D891002EECD9 /* CustomFloatingPlaceholderTextField.swift */ = {isa = PBXFileReference; fileEncoding = 4; lastKnownFileType = sourcecode.swift; path = CustomFloatingPlaceholderTextField.swift; sourceTree = "<group>"; };
		B1C22F5025E6F0B3002EECD9 /* FirstNameTextField.swift */ = {isa = PBXFileReference; lastKnownFileType = sourcecode.swift; path = FirstNameTextField.swift; sourceTree = "<group>"; };
		B1C22F5825E6F27D002EECD9 /* LastNameTextField.swift */ = {isa = PBXFileReference; lastKnownFileType = sourcecode.swift; path = LastNameTextField.swift; sourceTree = "<group>"; };
		B1C22F5B25E6F2AB002EECD9 /* PhoneNumberTextField.swift */ = {isa = PBXFileReference; lastKnownFileType = sourcecode.swift; path = PhoneNumberTextField.swift; sourceTree = "<group>"; };
		B1C22F5E25E6F4B6002EECD9 /* BirthDateTextField.swift */ = {isa = PBXFileReference; lastKnownFileType = sourcecode.swift; path = BirthDateTextField.swift; sourceTree = "<group>"; };
		B1C22F6125E6F507002EECD9 /* BloodTypeTextField.swift */ = {isa = PBXFileReference; lastKnownFileType = sourcecode.swift; path = BloodTypeTextField.swift; sourceTree = "<group>"; };
		B1C22F6425E6F515002EECD9 /* GenderTextField.swift */ = {isa = PBXFileReference; lastKnownFileType = sourcecode.swift; path = GenderTextField.swift; sourceTree = "<group>"; };
		B1C22F6725E6F52A002EECD9 /* LocationTextField.swift */ = {isa = PBXFileReference; lastKnownFileType = sourcecode.swift; path = LocationTextField.swift; sourceTree = "<group>"; };
		B1C22F6A25E6F53E002EECD9 /* PasswordTextField.swift */ = {isa = PBXFileReference; lastKnownFileType = sourcecode.swift; path = PasswordTextField.swift; sourceTree = "<group>"; };
		B1C22F6D25E6F552002EECD9 /* PasswordConfirmationTextField.swift */ = {isa = PBXFileReference; lastKnownFileType = sourcecode.swift; path = PasswordConfirmationTextField.swift; sourceTree = "<group>"; };
		B1C22F7825E70C4A002EECD9 /* MapSelectorViewController.swift */ = {isa = PBXFileReference; lastKnownFileType = sourcecode.swift; path = MapSelectorViewController.swift; sourceTree = "<group>"; };
		B1C22F7925E70C4A002EECD9 /* MapSelectorViewController.xib */ = {isa = PBXFileReference; lastKnownFileType = file.xib; path = MapSelectorViewController.xib; sourceTree = "<group>"; };
		B1C524D5266E94DF00F0E4B6 /* VerifyAccountResponse.swift */ = {isa = PBXFileReference; lastKnownFileType = sourcecode.swift; path = VerifyAccountResponse.swift; sourceTree = "<group>"; };
		B1CDAE7A2687346F0019D7E3 /* AllRewardsViewController.swift */ = {isa = PBXFileReference; lastKnownFileType = sourcecode.swift; path = AllRewardsViewController.swift; sourceTree = "<group>"; };
		B1CDAE7B2687346F0019D7E3 /* AllRewardsViewController.xib */ = {isa = PBXFileReference; lastKnownFileType = file.xib; path = AllRewardsViewController.xib; sourceTree = "<group>"; };
		B1CDAE7E268735A40019D7E3 /* AllRewardsPresenter.swift */ = {isa = PBXFileReference; lastKnownFileType = sourcecode.swift; path = AllRewardsPresenter.swift; sourceTree = "<group>"; };
		B1CDAE80268739730019D7E3 /* RewardCollectionViewCell.swift */ = {isa = PBXFileReference; lastKnownFileType = sourcecode.swift; path = RewardCollectionViewCell.swift; sourceTree = "<group>"; };
		B1CDAE81268739730019D7E3 /* RewardCollectionViewCell.xib */ = {isa = PBXFileReference; lastKnownFileType = file.xib; path = RewardCollectionViewCell.xib; sourceTree = "<group>"; };
		B1CDAE8426875A3F0019D7E3 /* SimpleReward.swift */ = {isa = PBXFileReference; lastKnownFileType = sourcecode.swift; path = SimpleReward.swift; sourceTree = "<group>"; };
		B1CDAE8626875ADB0019D7E3 /* AllRewardsResponse.swift */ = {isa = PBXFileReference; lastKnownFileType = sourcecode.swift; path = AllRewardsResponse.swift; sourceTree = "<group>"; };
		B1F6E6ED2667D17C0038982C /* LogInUsingCodeResponse.swift */ = {isa = PBXFileReference; lastKnownFileType = sourcecode.swift; path = LogInUsingCodeResponse.swift; sourceTree = "<group>"; };
		B1F6E6F02667D40C0038982C /* LoginRequestCodeResponse.swift */ = {isa = PBXFileReference; lastKnownFileType = sourcecode.swift; path = LoginRequestCodeResponse.swift; sourceTree = "<group>"; };
		B1FD6CB62681CDEA00C8E3E2 /* GetUserDataResponse.swift */ = {isa = PBXFileReference; lastKnownFileType = sourcecode.swift; path = GetUserDataResponse.swift; sourceTree = "<group>"; };
		B1FD6CBB2681E6A300C8E3E2 /* en */ = {isa = PBXFileReference; lastKnownFileType = text.plist.strings; name = en; path = en.lproj/Localizable.strings; sourceTree = "<group>"; };
		B1FD6CBD2681E6D400C8E3E2 /* ar */ = {isa = PBXFileReference; lastKnownFileType = text.plist.strings; name = ar; path = ar.lproj/Localizable.strings; sourceTree = "<group>"; };
		B1FD6CCD2681EB4B00C8E3E2 /* Base */ = {isa = PBXFileReference; lastKnownFileType = file.xib; name = Base; path = Base.lproj/LaunchScreenViewController.xib; sourceTree = "<group>"; };
		CEF183AFF4350C40B2B48A37 /* Pods_Shoryan.framework */ = {isa = PBXFileReference; explicitFileType = wrapper.framework; includeInIndex = 0; path = Pods_Shoryan.framework; sourceTree = BUILT_PRODUCTS_DIR; };
/* End PBXFileReference section */

/* Begin PBXFrameworksBuildPhase section */
		B166B0D2259826B800AD6FD6 /* Frameworks */ = {
			isa = PBXFrameworksBuildPhase;
			buildActionMask = 2147483647;
			files = (
				116B702154CEEC8BA4DC3E8A /* Pods_Shoryan.framework in Frameworks */,
			);
			runOnlyForDeploymentPostprocessing = 0;
		};
/* End PBXFrameworksBuildPhase section */

/* Begin PBXGroup section */
		1BCB84193A40CED0CFCCD74B /* Pods */ = {
			isa = PBXGroup;
			children = (
				38B1791A66AF9DEBE0F616E8 /* Pods-Shoryan.debug.xcconfig */,
				8B6D1215174CF978C1FB5C42 /* Pods-Shoryan.release.xcconfig */,
			);
			path = Pods;
			sourceTree = "<group>";
		};
		5FDB45DD35D0CDB742476FC8 /* Frameworks */ = {
			isa = PBXGroup;
			children = (
				CEF183AFF4350C40B2B48A37 /* Pods_Shoryan.framework */,
			);
			name = Frameworks;
			sourceTree = "<group>";
		};
		B114ADCD259AF0380052C89D /* SharedModule */ = {
			isa = PBXGroup;
			children = (
				B12CBA4F2608C9EC006C8464 /* Router */,
				B12CBA4E2608C9CE006C8464 /* Interactor */,
				B1717B142607F03F0045B67B /* Managers */,
				B1C22F8725E7103A002EECD9 /* Entity */,
				B1C22F7725E70383002EECD9 /* View */,
				B1C22F8925E71063002EECD9 /* Presenter */,
				B114ADD3259AF9E10052C89D /* Styling */,
			);
			path = SharedModule;
			sourceTree = "<group>";
		};
		B114ADD3259AF9E10052C89D /* Styling */ = {
			isa = PBXGroup;
			children = (
			);
			path = Styling;
			sourceTree = "<group>";
		};
		B114ADD8259AFF1E0052C89D /* Helper */ = {
			isa = PBXGroup;
			children = (
				B1C22F4C25E4D891002EECD9 /* CustomFloatingPlaceholderTextField.swift */,
				B114ADDA259AFF4E0052C89D /* UnderlinedUITextField.swift */,
			);
			path = Helper;
			sourceTree = "<group>";
		};
		B12CBA4E2608C9CE006C8464 /* Interactor */ = {
			isa = PBXGroup;
			children = (
				B12CBA502608CA02006C8464 /* SharedInteractor.swift */,
			);
			path = Interactor;
			sourceTree = "<group>";
		};
		B12CBA4F2608C9EC006C8464 /* Router */ = {
			isa = PBXGroup;
			children = (
				B12CBA542608CA0D006C8464 /* SharedRouter.swift */,
			);
			path = Router;
			sourceTree = "<group>";
		};
		B1428C89259855E400A75D9C /* Router */ = {
			isa = PBXGroup;
			children = (
				B166B11B25982CB500AD6FD6 /* LaunchRouter.swift */,
			);
			path = Router;
			sourceTree = "<group>";
		};
		B1428C8A259855F300A75D9C /* Interactor */ = {
			isa = PBXGroup;
			children = (
				B166B11D25982CB500AD6FD6 /* LaunchInteractor.swift */,
			);
			path = Interactor;
			sourceTree = "<group>";
		};
		B1428C8B2598560F00A75D9C /* Entity */ = {
			isa = PBXGroup;
			children = (
				B1428C8C2598564600A75D9C /* ThemeConstants.swift */,
				B1C22F3425E4BA28002EECD9 /* RegExHandler.swift */,
				B196C5662606C8D600194A1D /* LoginPasswordResponse.swift */,
				B196C5692606CCAF00194A1D /* RegisterResponse.swift */,
				B1F6E6ED2667D17C0038982C /* LogInUsingCodeResponse.swift */,
				B1F6E6F02667D40C0038982C /* LoginRequestCodeResponse.swift */,
				B1C524D5266E94DF00F0E4B6 /* VerifyAccountResponse.swift */,
			);
			path = Entity;
			sourceTree = "<group>";
		};
		B149ED6A259C49BB003C7C46 /* HomeModule */ = {
			isa = PBXGroup;
			children = (
				B196C5892606ED6600194A1D /* Manager */,
				B163D1C7259D72860005C731 /* View */,
				B163D1C8259D72890005C731 /* Presenter */,
				B163D1CA259D72940005C731 /* Router */,
				B163D1C9259D728F0005C731 /* Interactor */,
				B163D1CB259D72A00005C731 /* Entity */,
			);
			path = HomeModule;
			sourceTree = "<group>";
		};
		B163D1C7259D72860005C731 /* View */ = {
			isa = PBXGroup;
			children = (
				B1A471A3259D95C1006152C1 /* Cells */,
				B163D1CC259D73160005C731 /* HomeViewController.swift */,
				B163D1CD259D73160005C731 /* HomeViewController.xib */,
				B17B3454268633B100F958FD /* FilterRequestsViewController.swift */,
				B17B3455268633B100F958FD /* FilterRequestsViewController.xib */,
				B1CDAE7A2687346F0019D7E3 /* AllRewardsViewController.swift */,
				B1CDAE7B2687346F0019D7E3 /* AllRewardsViewController.xib */,
				B176F34D26879850007B3D78 /* DetailedRewardViewController.swift */,
				B176F34E26879850007B3D78 /* DetailedRewardViewController.xib */,
				B176F3592687D9D6007B3D78 /* SuccessRedeemViewController.swift */,
				B176F35A2687D9D6007B3D78 /* SuccessRedeemViewController.xib */,
			);
			path = View;
			sourceTree = "<group>";
		};
		B163D1C8259D72890005C731 /* Presenter */ = {
			isa = PBXGroup;
			children = (
				B163D1D2259D73240005C731 /* HomePresenter.swift */,
				B1CDAE7E268735A40019D7E3 /* AllRewardsPresenter.swift */,
				B176F3532687A17A007B3D78 /* DetailedRewardPresenter.swift */,
			);
			path = Presenter;
			sourceTree = "<group>";
		};
		B163D1C9259D728F0005C731 /* Interactor */ = {
			isa = PBXGroup;
			children = (
				B163D1D8259D73360005C731 /* HomeInteractor.swift */,
			);
			path = Interactor;
			sourceTree = "<group>";
		};
		B163D1CA259D72940005C731 /* Router */ = {
			isa = PBXGroup;
			children = (
				B163D1D5259D732D0005C731 /* HomeRouter.swift */,
			);
			path = Router;
			sourceTree = "<group>";
		};
		B163D1CB259D72A00005C731 /* Entity */ = {
			isa = PBXGroup;
			children = (
				B1A471AA259D9F38006152C1 /* SimpleRequest.swift */,
				B1A471AD259DA02D006152C1 /* RequestFilters.swift */,
				B13453E42606F93800EF3319 /* AllRequestsResponse.swift */,
				B12CBA602609040F006C8464 /* PendingRequestResponse.swift */,
				B1FD6CB62681CDEA00C8E3E2 /* GetUserDataResponse.swift */,
				B1CDAE8426875A3F0019D7E3 /* SimpleReward.swift */,
				B1CDAE8626875ADB0019D7E3 /* AllRewardsResponse.swift */,
				B176F34B26878EC9007B3D78 /* DetailedRewardResponse.swift */,
				B176F35126879DCC007B3D78 /* SimpleBranch.swift */,
				B176F3552687B28E007B3D78 /* RedeemRewardResponse.swift */,
				B176F3572687D1FB007B3D78 /* RedeemRewardCodeVerificationResponse.swift */,
				B176F35D2687E563007B3D78 /* SuccessRedeemPresenter.swift */,
			);
			path = Entity;
			sourceTree = "<group>";
		};
		B166B0CC259826B800AD6FD6 = {
			isa = PBXGroup;
			children = (
				B181453E25E8B15D009C6221 /* Shoryan.entitlements */,
				B166B0D7259826B800AD6FD6 /* Shoryan */,
				B166B0D6259826B800AD6FD6 /* Products */,
				1BCB84193A40CED0CFCCD74B /* Pods */,
				5FDB45DD35D0CDB742476FC8 /* Frameworks */,
			);
			sourceTree = "<group>";
		};
		B166B0D6259826B800AD6FD6 /* Products */ = {
			isa = PBXGroup;
			children = (
				B166B0D5259826B800AD6FD6 /* Shoryan.app */,
			);
			name = Products;
			sourceTree = "<group>";
		};
		B166B0D7259826B800AD6FD6 /* Shoryan */ = {
			isa = PBXGroup;
			children = (
				B166B0F22598276C00AD6FD6 /* App */,
				B166B0ED259826C800AD6FD6 /* Modules */,
				B166B0EE259826F700AD6FD6 /* Resouces */,
				B166B0EF2598272800AD6FD6 /* Supporting Files */,
			);
			path = Shoryan;
			sourceTree = "<group>";
		};
		B166B0ED259826C800AD6FD6 /* Modules */ = {
			isa = PBXGroup;
			children = (
				B1A471E7259DC6FD006152C1 /* ProfileModule */,
				B1A471CC259DBE55006152C1 /* NotificationModule */,
				B1A471B0259DABD6006152C1 /* NewRequestModule */,
				B114ADCD259AF0380052C89D /* SharedModule */,
				B149ED6A259C49BB003C7C46 /* HomeModule */,
				B166B0F62598284000AD6FD6 /* BaseModule */,
				B166B10E25982C4500AD6FD6 /* LaunchModule */,
			);
			path = Modules;
			sourceTree = "<group>";
		};
		B166B0EE259826F700AD6FD6 /* Resouces */ = {
			isa = PBXGroup;
			children = (
				B1FD6CBC2681E6A300C8E3E2 /* Localizable.strings */,
				B166B0E1259826BA00AD6FD6 /* Assets.xcassets */,
			);
			path = Resouces;
			sourceTree = "<group>";
		};
		B166B0EF2598272800AD6FD6 /* Supporting Files */ = {
			isa = PBXGroup;
			children = (
				B166B0E6259826BA00AD6FD6 /* Info.plist */,
				B166B0E3259826BA00AD6FD6 /* LaunchScreen.storyboard */,
			);
			path = "Supporting Files";
			sourceTree = "<group>";
		};
		B166B0F22598276C00AD6FD6 /* App */ = {
			isa = PBXGroup;
			children = (
				B166B0D8259826B800AD6FD6 /* AppDelegate.swift */,
				B166B0DA259826B800AD6FD6 /* SceneDelegate.swift */,
			);
			path = App;
			sourceTree = "<group>";
		};
		B166B0F62598284000AD6FD6 /* BaseModule */ = {
			isa = PBXGroup;
			children = (
				B166B0FA2598287F00AD6FD6 /* View */,
				B166B0F92598287A00AD6FD6 /* Presenter */,
				B166B0FB2598288600AD6FD6 /* Router */,
				B166B0F82598287200AD6FD6 /* Interactor */,
				B166B0F72598285600AD6FD6 /* Entity */,
			);
			path = BaseModule;
			sourceTree = "<group>";
		};
		B166B0F72598285600AD6FD6 /* Entity */ = {
			isa = PBXGroup;
			children = (
				B166B10825982AD800AD6FD6 /* BaseEntity.swift */,
				B166B10B25982BD700AD6FD6 /* BaseError.swift */,
			);
			path = Entity;
			sourceTree = "<group>";
		};
		B166B0F82598287200AD6FD6 /* Interactor */ = {
			isa = PBXGroup;
			children = (
				B166B10525982ACD00AD6FD6 /* BaseInteractor.swift */,
			);
			path = Interactor;
			sourceTree = "<group>";
		};
		B166B0F92598287A00AD6FD6 /* Presenter */ = {
			isa = PBXGroup;
			children = (
				B166B0FF25982AB600AD6FD6 /* BasePresenter.swift */,
			);
			path = Presenter;
			sourceTree = "<group>";
		};
		B166B0FA2598287F00AD6FD6 /* View */ = {
			isa = PBXGroup;
			children = (
				B166B0FC259828D500AD6FD6 /* BaseViewController.swift */,
			);
			path = View;
			sourceTree = "<group>";
		};
		B166B0FB2598288600AD6FD6 /* Router */ = {
			isa = PBXGroup;
			children = (
				B166B10225982AC300AD6FD6 /* BaseRouter.swift */,
			);
			path = Router;
			sourceTree = "<group>";
		};
		B166B10E25982C4500AD6FD6 /* LaunchModule */ = {
			isa = PBXGroup;
			children = (
				B1A47201259DF5DF006152C1 /* Managers */,
				B166B12425982CC200AD6FD6 /* View */,
				B166B13C2598413900AD6FD6 /* Presenter */,
				B1428C89259855E400A75D9C /* Router */,
				B1428C8A259855F300A75D9C /* Interactor */,
				B1428C8B2598560F00A75D9C /* Entity */,
			);
			path = LaunchModule;
			sourceTree = "<group>";
		};
		B166B12425982CC200AD6FD6 /* View */ = {
			isa = PBXGroup;
			children = (
				B1C22F4F25E6F048002EECD9 /* Signup Input Fields */,
				B114ADD8259AFF1E0052C89D /* Helper */,
				B166B12525982CD600AD6FD6 /* LaunchScreenViewController.swift */,
				B1FD6CCA2681EB4800C8E3E2 /* LaunchScreenViewController.xib */,
				B166B1362598386900AD6FD6 /* LogInViewController.swift */,
				B166B1372598386900AD6FD6 /* LogInViewController.xib */,
				B1428C8F25985AB300A75D9C /* AuthorizationViewController.swift */,
				B1428C9025985AB300A75D9C /* AuthorizationViewController.xib */,
				B1428C98259AE29500A75D9C /* LogInPasswordViewController.swift */,
				B1428C99259AE29500A75D9C /* LogInPasswordViewController.xib */,
				B1428C9D259AE4C700A75D9C /* SMSAuthenticationViewController.swift */,
				B1428C9E259AE4C700A75D9C /* SMSAuthenticationViewController.xib */,
				B114ADDE259C20880052C89D /* SignUpViewController.swift */,
				B114ADDF259C20880052C89D /* SignUpViewController.xib */,
				B1A471FE259DDCF6006152C1 /* MainTabBarViewController.swift */,
			);
			path = View;
			sourceTree = "<group>";
		};
		B166B13C2598413900AD6FD6 /* Presenter */ = {
			isa = PBXGroup;
			children = (
				B166B11A25982CB500AD6FD6 /* LaunchScreenPresenter.swift */,
				B166B13D2598415200AD6FD6 /* LogInPresenter.swift */,
				B1428CA2259AE65400A75D9C /* LogInPasswordPresenter.swift */,
				B1428CA5259AE68A00A75D9C /* SMSAuthenticationPresenter.swift */,
				B1428C9425985ACB00A75D9C /* AuthorizationPresenter.swift */,
				B114ADE3259C38F80052C89D /* SignUpPresenter.swift */,
			);
			path = Presenter;
			sourceTree = "<group>";
		};
		B1717B142607F03F0045B67B /* Managers */ = {
			isa = PBXGroup;
			children = (
				B1717B152607F0530045B67B /* SharedModuleAPIManager.swift */,
			);
			path = Managers;
			sourceTree = "<group>";
		};
		B196C57B2606DEB800194A1D /* Extensions */ = {
			isa = PBXGroup;
			children = (
				B196C57C2606DECC00194A1D /* Date.swift */,
				B114ADCF259AF0890052C89D /* String.swift */,
			);
			path = Extensions;
			sourceTree = "<group>";
		};
		B196C5892606ED6600194A1D /* Manager */ = {
			isa = PBXGroup;
			children = (
				B196C5852606ED5B00194A1D /* HomeModuleAPIManager.swift */,
			);
			path = Manager;
			sourceTree = "<group>";
		};
		B1A471A3259D95C1006152C1 /* Cells */ = {
			isa = PBXGroup;
			children = (
				B1A471A4259D95E4006152C1 /* RequestBasicTableViewCell.swift */,
				B1A471A5259D95E4006152C1 /* RequestBasicTableViewCell.xib */,
				B1CDAE80268739730019D7E3 /* RewardCollectionViewCell.swift */,
				B1CDAE81268739730019D7E3 /* RewardCollectionViewCell.xib */,
			);
			path = Cells;
			sourceTree = "<group>";
		};
		B1A471B0259DABD6006152C1 /* NewRequestModule */ = {
			isa = PBXGroup;
			children = (
				B1A471B5259DABF9006152C1 /* Router */,
				B1A471B4259DABF3006152C1 /* Entity */,
				B1A471B3259DABEF006152C1 /* Presenter */,
				B1A471B2259DABEA006152C1 /* Interactor */,
				B1A471B1259DABE7006152C1 /* View */,
			);
			path = NewRequestModule;
			sourceTree = "<group>";
		};
		B1A471B1259DABE7006152C1 /* View */ = {
			isa = PBXGroup;
			children = (
				B1A471C5259DAFEE006152C1 /* Helper */,
				B1A471B6259DAC17006152C1 /* NewRequestViewController.swift */,
				B1A471B7259DAC17006152C1 /* NewRequestViewController.xib */,
			);
			path = View;
			sourceTree = "<group>";
		};
		B1A471B2259DABEA006152C1 /* Interactor */ = {
			isa = PBXGroup;
			children = (
				B1A471BC259DAC25006152C1 /* NewRequestInteractor.swift */,
			);
			path = Interactor;
			sourceTree = "<group>";
		};
		B1A471B3259DABEF006152C1 /* Presenter */ = {
			isa = PBXGroup;
			children = (
				B1A471BF259DAC38006152C1 /* NewRequestPresenter.swift */,
			);
			path = Presenter;
			sourceTree = "<group>";
		};
		B1A471B4259DABF3006152C1 /* Entity */ = {
			isa = PBXGroup;
			children = (
			);
			path = Entity;
			sourceTree = "<group>";
		};
		B1A471B5259DABF9006152C1 /* Router */ = {
			isa = PBXGroup;
			children = (
				B1A471C2259DAC44006152C1 /* NewRequestRouter.swift */,
			);
			path = Router;
			sourceTree = "<group>";
		};
		B1A471C5259DAFEE006152C1 /* Helper */ = {
			isa = PBXGroup;
			children = (
				B1A471C6259DB00B006152C1 /* BloodTypeSelectionButton.swift */,
			);
			path = Helper;
			sourceTree = "<group>";
		};
		B1A471CC259DBE55006152C1 /* NotificationModule */ = {
			isa = PBXGroup;
			children = (
				B1A471D1259DBE74006152C1 /* Entity */,
				B1A471D0259DBE71006152C1 /* Router */,
				B1A471CF259DBE67006152C1 /* Presenter */,
				B1A471CE259DBE63006152C1 /* Interactor */,
				B1A471CD259DBE5F006152C1 /* View */,
			);
			path = NotificationModule;
			sourceTree = "<group>";
		};
		B1A471CD259DBE5F006152C1 /* View */ = {
			isa = PBXGroup;
			children = (
				B1A471E0259DC020006152C1 /* Cells */,
				B1A471D2259DBE92006152C1 /* NotificationsViewController.swift */,
				B1A471D3259DBE92006152C1 /* NotificationsViewController.xib */,
			);
			path = View;
			sourceTree = "<group>";
		};
		B1A471CE259DBE63006152C1 /* Interactor */ = {
			isa = PBXGroup;
			children = (
				B1A471D7259DBE9C006152C1 /* NotificationsInteractor.swift */,
			);
			path = Interactor;
			sourceTree = "<group>";
		};
		B1A471CF259DBE67006152C1 /* Presenter */ = {
			isa = PBXGroup;
			children = (
				B1A471DA259DBEC2006152C1 /* NotificationsPresenter.swift */,
			);
			path = Presenter;
			sourceTree = "<group>";
		};
		B1A471D0259DBE71006152C1 /* Router */ = {
			isa = PBXGroup;
			children = (
				B1A471DD259DBECC006152C1 /* NotificationsRouter.swift */,
			);
			path = Router;
			sourceTree = "<group>";
		};
		B1A471D1259DBE74006152C1 /* Entity */ = {
			isa = PBXGroup;
			children = (
			);
			path = Entity;
			sourceTree = "<group>";
		};
		B1A471E0259DC020006152C1 /* Cells */ = {
			isa = PBXGroup;
			children = (
				B1A471E2259DC03A006152C1 /* NotificationTableViewCell.swift */,
				B1A471E3259DC03A006152C1 /* NotificationTableViewCell.xib */,
			);
			path = Cells;
			sourceTree = "<group>";
		};
		B1A471E7259DC6FD006152C1 /* ProfileModule */ = {
			isa = PBXGroup;
			children = (
				B1A471ED259DC736006152C1 /* Entity */,
				B1A471EB259DC721006152C1 /* Presenter */,
				B1A471EA259DC711006152C1 /* Router */,
				B1A471E9259DC70D006152C1 /* Interactor */,
				B1A471E8259DC708006152C1 /* View */,
			);
			path = ProfileModule;
			sourceTree = "<group>";
		};
		B1A471E8259DC708006152C1 /* View */ = {
			isa = PBXGroup;
			children = (
				B1A471EF259DC764006152C1 /* ProfileViewController.swift */,
				B1A471F0259DC764006152C1 /* ProfileViewController.xib */,
			);
			path = View;
			sourceTree = "<group>";
		};
		B1A471E9259DC70D006152C1 /* Interactor */ = {
			isa = PBXGroup;
			children = (
				B1A471F4259DC78A006152C1 /* ProfileInteractor.swift */,
			);
			path = Interactor;
			sourceTree = "<group>";
		};
		B1A471EA259DC711006152C1 /* Router */ = {
			isa = PBXGroup;
			children = (
				B1A471F7259DC792006152C1 /* ProfileRouter.swift */,
			);
			path = Router;
			sourceTree = "<group>";
		};
		B1A471EB259DC721006152C1 /* Presenter */ = {
			isa = PBXGroup;
			children = (
				B1A471FA259DC79B006152C1 /* ProfilePresenter.swift */,
			);
			path = Presenter;
			sourceTree = "<group>";
		};
		B1A471ED259DC736006152C1 /* Entity */ = {
			isa = PBXGroup;
			children = (
			);
			path = Entity;
			sourceTree = "<group>";
		};
		B1A47201259DF5DF006152C1 /* Managers */ = {
			isa = PBXGroup;
			children = (
				B196C5632606C85200194A1D /* LaunchModuleAPIManager.swift */,
			);
			path = Managers;
			sourceTree = "<group>";
		};
		B1C22F4F25E6F048002EECD9 /* Signup Input Fields */ = {
			isa = PBXGroup;
			children = (
				B1C22F5025E6F0B3002EECD9 /* FirstNameTextField.swift */,
				B1C22F5825E6F27D002EECD9 /* LastNameTextField.swift */,
				B1C22F5B25E6F2AB002EECD9 /* PhoneNumberTextField.swift */,
				B1C22F5E25E6F4B6002EECD9 /* BirthDateTextField.swift */,
				B1C22F6125E6F507002EECD9 /* BloodTypeTextField.swift */,
				B1C22F6425E6F515002EECD9 /* GenderTextField.swift */,
				B1C22F6725E6F52A002EECD9 /* LocationTextField.swift */,
				B1C22F6A25E6F53E002EECD9 /* PasswordTextField.swift */,
				B1C22F6D25E6F552002EECD9 /* PasswordConfirmationTextField.swift */,
			);
			path = "Signup Input Fields";
			sourceTree = "<group>";
		};
		B1C22F7725E70383002EECD9 /* View */ = {
			isa = PBXGroup;
			children = (
				B1C22F8825E7104B002EECD9 /* Extensions */,
				B1C22F7825E70C4A002EECD9 /* MapSelectorViewController.swift */,
				B1C22F7925E70C4A002EECD9 /* MapSelectorViewController.xib */,
				B1087F9C2607A42100158209 /* RequestViewController.swift */,
				B1087F9D2607A42100158209 /* RequestViewController.xib */,
			);
			path = View;
			sourceTree = "<group>";
		};
		B1C22F8725E7103A002EECD9 /* Entity */ = {
			isa = PBXGroup;
			children = (
				B196C57B2606DEB800194A1D /* Extensions */,
				B196C5762606D3F200194A1D /* AppUser.swift */,
				B196C55A2606C60B00194A1D /* DecodableError.swift */,
				B196C5542606C5D900194A1D /* Network.swift */,
				B196C55D2606C61200194A1D /* KeyChain.swift */,
				B196C5602606C61800194A1D /* Constants.swift */,
				B196C5572606C5E400194A1D /* NetworkError.swift */,
				B1087FA12607D77600158209 /* DetailedRequest.swift */,
				B196C57F2606E75C00194A1D /* SpecificRequestResponse.swift */,
				B12CBA572608D367006C8464 /* RequestUpdateResponse.swift */,
				B12CBA5A2608D702006C8464 /* RequestUpdate.swift */,
			);
			path = Entity;
			sourceTree = "<group>";
		};
		B1C22F8825E7104B002EECD9 /* Extensions */ = {
			isa = PBXGroup;
			children = (
				B149ED67259C4191003C7C46 /* Views.swift */,
				B1B3A1E8259D88EE0089E41D /* UIImage.swift */,
			);
			path = Extensions;
			sourceTree = "<group>";
		};
		B1C22F8925E71063002EECD9 /* Presenter */ = {
			isa = PBXGroup;
			children = (
				B12CBA4B260803E1006C8464 /* RequestPresenter.swift */,
			);
			path = Presenter;
			sourceTree = "<group>";
		};
/* End PBXGroup section */

/* Begin PBXNativeTarget section */
		B166B0D4259826B800AD6FD6 /* Shoryan */ = {
			isa = PBXNativeTarget;
			buildConfigurationList = B166B0E9259826BA00AD6FD6 /* Build configuration list for PBXNativeTarget "Shoryan" */;
			buildPhases = (
				432DA193A5597448D2BDB84E /* [CP] Check Pods Manifest.lock */,
				B166B0D1259826B800AD6FD6 /* Sources */,
				B166B0D2259826B800AD6FD6 /* Frameworks */,
				B166B0D3259826B800AD6FD6 /* Resources */,
				B06876EE0F3C3D28DDC67D57 /* [CP] Embed Pods Frameworks */,
				24C5AC2B62759BEA161243CF /* [CP] Copy Pods Resources */,
			);
			buildRules = (
			);
			dependencies = (
			);
			name = Shoryan;
			productName = Shoryan;
			productReference = B166B0D5259826B800AD6FD6 /* Shoryan.app */;
			productType = "com.apple.product-type.application";
		};
/* End PBXNativeTarget section */

/* Begin PBXProject section */
		B166B0CD259826B800AD6FD6 /* Project object */ = {
			isa = PBXProject;
			attributes = {
				LastSwiftUpdateCheck = 1230;
				LastUpgradeCheck = 1230;
				TargetAttributes = {
					B166B0D4259826B800AD6FD6 = {
						CreatedOnToolsVersion = 12.3;
					};
				};
			};
			buildConfigurationList = B166B0D0259826B800AD6FD6 /* Build configuration list for PBXProject "Shoryan" */;
			compatibilityVersion = "Xcode 9.3";
			developmentRegion = en;
			hasScannedForEncodings = 0;
			knownRegions = (
				ar,
				en,
				Base,
			);
			mainGroup = B166B0CC259826B800AD6FD6;
			productRefGroup = B166B0D6259826B800AD6FD6 /* Products */;
			projectDirPath = "";
			projectRoot = "";
			targets = (
				B166B0D4259826B800AD6FD6 /* Shoryan */,
			);
		};
/* End PBXProject section */

/* Begin PBXResourcesBuildPhase section */
		B166B0D3259826B800AD6FD6 /* Resources */ = {
			isa = PBXResourcesBuildPhase;
			buildActionMask = 2147483647;
			files = (
				B1A471F2259DC764006152C1 /* ProfileViewController.xib in Resources */,
				B166B1392598386900AD6FD6 /* LogInViewController.xib in Resources */,
				B176F35026879850007B3D78 /* DetailedRewardViewController.xib in Resources */,
				B17B3457268633B100F958FD /* FilterRequestsViewController.xib in Resources */,
				B1087F9F2607A42100158209 /* RequestViewController.xib in Resources */,
				B1428CA0259AE4C700A75D9C /* SMSAuthenticationViewController.xib in Resources */,
				B1CDAE7D2687346F0019D7E3 /* AllRewardsViewController.xib in Resources */,
				B1428C9225985AB300A75D9C /* AuthorizationViewController.xib in Resources */,
				B166B0E5259826BA00AD6FD6 /* LaunchScreen.storyboard in Resources */,
				B1428C9B259AE29500A75D9C /* LogInPasswordViewController.xib in Resources */,
				B1CDAE83268739730019D7E3 /* RewardCollectionViewCell.xib in Resources */,
				B1FD6CBA2681E6A300C8E3E2 /* Localizable.strings in Resources */,
				B1A471B9259DAC17006152C1 /* NewRequestViewController.xib in Resources */,
				B166B0E2259826BA00AD6FD6 /* Assets.xcassets in Resources */,
				B1C22F7B25E70C4A002EECD9 /* MapSelectorViewController.xib in Resources */,
				B1A471E5259DC03A006152C1 /* NotificationTableViewCell.xib in Resources */,
				B114ADE1259C20880052C89D /* SignUpViewController.xib in Resources */,
				B1A471D5259DBE92006152C1 /* NotificationsViewController.xib in Resources */,
				B176F35C2687D9D6007B3D78 /* SuccessRedeemViewController.xib in Resources */,
				B1A471A7259D95E4006152C1 /* RequestBasicTableViewCell.xib in Resources */,
				B163D1CF259D73160005C731 /* HomeViewController.xib in Resources */,
				B1FD6CCC2681EB4800C8E3E2 /* LaunchScreenViewController.xib in Resources */,
			);
			runOnlyForDeploymentPostprocessing = 0;
		};
/* End PBXResourcesBuildPhase section */

/* Begin PBXShellScriptBuildPhase section */
		24C5AC2B62759BEA161243CF /* [CP] Copy Pods Resources */ = {
			isa = PBXShellScriptBuildPhase;
			buildActionMask = 2147483647;
			files = (
			);
			inputFileListPaths = (
				"${PODS_ROOT}/Target Support Files/Pods-Shoryan/Pods-Shoryan-resources-${CONFIGURATION}-input-files.xcfilelist",
			);
			name = "[CP] Copy Pods Resources";
			outputFileListPaths = (
				"${PODS_ROOT}/Target Support Files/Pods-Shoryan/Pods-Shoryan-resources-${CONFIGURATION}-output-files.xcfilelist",
			);
			runOnlyForDeploymentPostprocessing = 0;
			shellPath = /bin/sh;
			shellScript = "\"${PODS_ROOT}/Target Support Files/Pods-Shoryan/Pods-Shoryan-resources.sh\"\n";
			showEnvVarsInLog = 0;
		};
		432DA193A5597448D2BDB84E /* [CP] Check Pods Manifest.lock */ = {
			isa = PBXShellScriptBuildPhase;
			buildActionMask = 2147483647;
			files = (
			);
			inputFileListPaths = (
			);
			inputPaths = (
				"${PODS_PODFILE_DIR_PATH}/Podfile.lock",
				"${PODS_ROOT}/Manifest.lock",
			);
			name = "[CP] Check Pods Manifest.lock";
			outputFileListPaths = (
			);
			outputPaths = (
				"$(DERIVED_FILE_DIR)/Pods-Shoryan-checkManifestLockResult.txt",
			);
			runOnlyForDeploymentPostprocessing = 0;
			shellPath = /bin/sh;
			shellScript = "diff \"${PODS_PODFILE_DIR_PATH}/Podfile.lock\" \"${PODS_ROOT}/Manifest.lock\" > /dev/null\nif [ $? != 0 ] ; then\n    # print error to STDERR\n    echo \"error: The sandbox is not in sync with the Podfile.lock. Run 'pod install' or update your CocoaPods installation.\" >&2\n    exit 1\nfi\n# This output is used by Xcode 'outputs' to avoid re-running this script phase.\necho \"SUCCESS\" > \"${SCRIPT_OUTPUT_FILE_0}\"\n";
			showEnvVarsInLog = 0;
		};
		B06876EE0F3C3D28DDC67D57 /* [CP] Embed Pods Frameworks */ = {
			isa = PBXShellScriptBuildPhase;
			buildActionMask = 2147483647;
			files = (
			);
			inputFileListPaths = (
				"${PODS_ROOT}/Target Support Files/Pods-Shoryan/Pods-Shoryan-frameworks-${CONFIGURATION}-input-files.xcfilelist",
			);
			name = "[CP] Embed Pods Frameworks";
			outputFileListPaths = (
				"${PODS_ROOT}/Target Support Files/Pods-Shoryan/Pods-Shoryan-frameworks-${CONFIGURATION}-output-files.xcfilelist",
			);
			runOnlyForDeploymentPostprocessing = 0;
			shellPath = /bin/sh;
			shellScript = "\"${PODS_ROOT}/Target Support Files/Pods-Shoryan/Pods-Shoryan-frameworks.sh\"\n";
			showEnvVarsInLog = 0;
		};
/* End PBXShellScriptBuildPhase section */

/* Begin PBXSourcesBuildPhase section */
		B166B0D1259826B800AD6FD6 /* Sources */ = {
			isa = PBXSourcesBuildPhase;
			buildActionMask = 2147483647;
			files = (
				B12CBA4C260803E1006C8464 /* RequestPresenter.swift in Sources */,
				B166B0D9259826B800AD6FD6 /* AppDelegate.swift in Sources */,
				B1C22F6825E6F52A002EECD9 /* LocationTextField.swift in Sources */,
				B176F35E2687E563007B3D78 /* SuccessRedeemPresenter.swift in Sources */,
				B1C22F6225E6F507002EECD9 /* BloodTypeTextField.swift in Sources */,
				B13453E52606F93800EF3319 /* AllRequestsResponse.swift in Sources */,
				B1C22F6525E6F515002EECD9 /* GenderTextField.swift in Sources */,
				B166B10025982AB600AD6FD6 /* BasePresenter.swift in Sources */,
				B1CDAE82268739730019D7E3 /* RewardCollectionViewCell.swift in Sources */,
				B166B13E2598415200AD6FD6 /* LogInPresenter.swift in Sources */,
				B196C56A2606CCAF00194A1D /* RegisterResponse.swift in Sources */,
				B163D1D9259D73360005C731 /* HomeInteractor.swift in Sources */,
				B1A471C0259DAC38006152C1 /* NewRequestPresenter.swift in Sources */,
				B1428C9525985ACB00A75D9C /* AuthorizationPresenter.swift in Sources */,
				B1A471DE259DBECC006152C1 /* NotificationsRouter.swift in Sources */,
				B176F35B2687D9D6007B3D78 /* SuccessRedeemViewController.swift in Sources */,
				B176F3542687A17A007B3D78 /* DetailedRewardPresenter.swift in Sources */,
				B163D1D6259D732D0005C731 /* HomeRouter.swift in Sources */,
				B196C5802606E75C00194A1D /* SpecificRequestResponse.swift in Sources */,
				B166B12225982CB500AD6FD6 /* LaunchInteractor.swift in Sources */,
				B12CBA612609040F006C8464 /* PendingRequestResponse.swift in Sources */,
				B1428C9125985AB300A75D9C /* AuthorizationViewController.swift in Sources */,
				B1CDAE7C2687346F0019D7E3 /* AllRewardsViewController.swift in Sources */,
				B1CDAE8526875A3F0019D7E3 /* SimpleReward.swift in Sources */,
				B12CBA582608D367006C8464 /* RequestUpdateResponse.swift in Sources */,
				B1A471F5259DC78A006152C1 /* ProfileInteractor.swift in Sources */,
				B1087FA22607D77600158209 /* DetailedRequest.swift in Sources */,
				B1A471C3259DAC44006152C1 /* NewRequestRouter.swift in Sources */,
				B1A471D8259DBE9C006152C1 /* NotificationsInteractor.swift in Sources */,
				B1A471DB259DBEC2006152C1 /* NotificationsPresenter.swift in Sources */,
				B1CDAE7F268735A40019D7E3 /* AllRewardsPresenter.swift in Sources */,
				B196C5552606C5D900194A1D /* Network.swift in Sources */,
				B1A471A6259D95E4006152C1 /* RequestBasicTableViewCell.swift in Sources */,
				B196C5642606C85200194A1D /* LaunchModuleAPIManager.swift in Sources */,
				B149ED68259C4191003C7C46 /* Views.swift in Sources */,
				B163D1D3259D73240005C731 /* HomePresenter.swift in Sources */,
				B166B10925982AD800AD6FD6 /* BaseEntity.swift in Sources */,
				B1C22F5F25E6F4B6002EECD9 /* BirthDateTextField.swift in Sources */,
				B1C524D6266E94DF00F0E4B6 /* VerifyAccountResponse.swift in Sources */,
				B196C5672606C8D600194A1D /* LoginPasswordResponse.swift in Sources */,
				B176F35226879DCC007B3D78 /* SimpleBranch.swift in Sources */,
				B1428C9A259AE29500A75D9C /* LogInPasswordViewController.swift in Sources */,
				B1A471D4259DBE92006152C1 /* NotificationsViewController.swift in Sources */,
				B114ADE4259C38F80052C89D /* SignUpPresenter.swift in Sources */,
				B1B3A1E9259D88EE0089E41D /* UIImage.swift in Sources */,
				B176F3562687B28E007B3D78 /* RedeemRewardResponse.swift in Sources */,
				B196C55E2606C61200194A1D /* KeyChain.swift in Sources */,
				B1428C9F259AE4C700A75D9C /* SMSAuthenticationViewController.swift in Sources */,
				B196C5862606ED5B00194A1D /* HomeModuleAPIManager.swift in Sources */,
				B1A471AB259D9F38006152C1 /* SimpleRequest.swift in Sources */,
				B166B11F25982CB500AD6FD6 /* LaunchScreenPresenter.swift in Sources */,
				B166B10325982AC300AD6FD6 /* BaseRouter.swift in Sources */,
				B1A471FB259DC79B006152C1 /* ProfilePresenter.swift in Sources */,
				B166B12725982CD600AD6FD6 /* LaunchScreenViewController.swift in Sources */,
				B196C5612606C61800194A1D /* Constants.swift in Sources */,
				B1A471B8259DAC17006152C1 /* NewRequestViewController.swift in Sources */,
				B1C22F5925E6F27D002EECD9 /* LastNameTextField.swift in Sources */,
				B163D1CE259D73160005C731 /* HomeViewController.swift in Sources */,
				B114ADD0259AF0890052C89D /* String.swift in Sources */,
				B1FD6CB72681CDEA00C8E3E2 /* GetUserDataResponse.swift in Sources */,
				B1428CA6259AE68A00A75D9C /* SMSAuthenticationPresenter.swift in Sources */,
				B1087F9E2607A42100158209 /* RequestViewController.swift in Sources */,
				B196C57D2606DECC00194A1D /* Date.swift in Sources */,
				B17B3456268633B100F958FD /* FilterRequestsViewController.swift in Sources */,
				B1A471AE259DA02D006152C1 /* RequestFilters.swift in Sources */,
				B166B12025982CB500AD6FD6 /* LaunchRouter.swift in Sources */,
				B1A471E4259DC03A006152C1 /* NotificationTableViewCell.swift in Sources */,
				B166B0DB259826B800AD6FD6 /* SceneDelegate.swift in Sources */,
				B1F6E6EE2667D17C0038982C /* LogInUsingCodeResponse.swift in Sources */,
				B1C22F7A25E70C4A002EECD9 /* MapSelectorViewController.swift in Sources */,
				B1A471BD259DAC25006152C1 /* NewRequestInteractor.swift in Sources */,
				B176F3582687D1FB007B3D78 /* RedeemRewardCodeVerificationResponse.swift in Sources */,
				B12CBA552608CA0D006C8464 /* SharedRouter.swift in Sources */,
				B1A471C7259DB00B006152C1 /* BloodTypeSelectionButton.swift in Sources */,
				B1A471FF259DDCF6006152C1 /* MainTabBarViewController.swift in Sources */,
				B166B1382598386900AD6FD6 /* LogInViewController.swift in Sources */,
				B196C5582606C5E400194A1D /* NetworkError.swift in Sources */,
				B176F34C26878EC9007B3D78 /* DetailedRewardResponse.swift in Sources */,
				B1428CA3259AE65400A75D9C /* LogInPasswordPresenter.swift in Sources */,
				B1C22F4D25E4D891002EECD9 /* CustomFloatingPlaceholderTextField.swift in Sources */,
				B1C22F3525E4BA28002EECD9 /* RegExHandler.swift in Sources */,
				B114ADE0259C20880052C89D /* SignUpViewController.swift in Sources */,
				B1C22F6B25E6F53E002EECD9 /* PasswordTextField.swift in Sources */,
				B1428C8D2598564600A75D9C /* ThemeConstants.swift in Sources */,
				B12CBA512608CA02006C8464 /* SharedInteractor.swift in Sources */,
				B1CDAE8726875ADB0019D7E3 /* AllRewardsResponse.swift in Sources */,
				B114ADDB259AFF4E0052C89D /* UnderlinedUITextField.swift in Sources */,
				B176F34F26879850007B3D78 /* DetailedRewardViewController.swift in Sources */,
				B12CBA5B2608D702006C8464 /* RequestUpdate.swift in Sources */,
				B1C22F5125E6F0B3002EECD9 /* FirstNameTextField.swift in Sources */,
				B1C22F6E25E6F552002EECD9 /* PasswordConfirmationTextField.swift in Sources */,
				B1717B162607F0530045B67B /* SharedModuleAPIManager.swift in Sources */,
				B196C5772606D3F200194A1D /* AppUser.swift in Sources */,
				B166B0FD259828D500AD6FD6 /* BaseViewController.swift in Sources */,
				B1A471F1259DC764006152C1 /* ProfileViewController.swift in Sources */,
				B166B10625982ACD00AD6FD6 /* BaseInteractor.swift in Sources */,
				B196C55B2606C60B00194A1D /* DecodableError.swift in Sources */,
				B166B10C25982BD700AD6FD6 /* BaseError.swift in Sources */,
				B1C22F5C25E6F2AB002EECD9 /* PhoneNumberTextField.swift in Sources */,
				B1A471F8259DC792006152C1 /* ProfileRouter.swift in Sources */,
				B1F6E6F12667D40C0038982C /* LoginRequestCodeResponse.swift in Sources */,
			);
			runOnlyForDeploymentPostprocessing = 0;
		};
/* End PBXSourcesBuildPhase section */

/* Begin PBXVariantGroup section */
		B166B0E3259826BA00AD6FD6 /* LaunchScreen.storyboard */ = {
			isa = PBXVariantGroup;
			children = (
				B166B0E4259826BA00AD6FD6 /* Base */,
			);
			name = LaunchScreen.storyboard;
			sourceTree = "<group>";
		};
		B1FD6CBC2681E6A300C8E3E2 /* Localizable.strings */ = {
			isa = PBXVariantGroup;
			children = (
				B1FD6CBB2681E6A300C8E3E2 /* en */,
				B1FD6CBD2681E6D400C8E3E2 /* ar */,
			);
			name = Localizable.strings;
			sourceTree = "<group>";
		};
		B1FD6CCA2681EB4800C8E3E2 /* LaunchScreenViewController.xib */ = {
			isa = PBXVariantGroup;
			children = (
				B1FD6CCD2681EB4B00C8E3E2 /* Base */,
			);
			name = LaunchScreenViewController.xib;
			sourceTree = "<group>";
		};
/* End PBXVariantGroup section */

/* Begin XCBuildConfiguration section */
		B166B0E7259826BA00AD6FD6 /* Debug */ = {
			isa = XCBuildConfiguration;
			buildSettings = {
				ALWAYS_SEARCH_USER_PATHS = NO;
				CLANG_ANALYZER_NONNULL = YES;
				CLANG_ANALYZER_NUMBER_OBJECT_CONVERSION = YES_AGGRESSIVE;
				CLANG_CXX_LANGUAGE_STANDARD = "gnu++14";
				CLANG_CXX_LIBRARY = "libc++";
				CLANG_ENABLE_MODULES = YES;
				CLANG_ENABLE_OBJC_ARC = YES;
				CLANG_ENABLE_OBJC_WEAK = YES;
				CLANG_WARN_BLOCK_CAPTURE_AUTORELEASING = YES;
				CLANG_WARN_BOOL_CONVERSION = YES;
				CLANG_WARN_COMMA = YES;
				CLANG_WARN_CONSTANT_CONVERSION = YES;
				CLANG_WARN_DEPRECATED_OBJC_IMPLEMENTATIONS = YES;
				CLANG_WARN_DIRECT_OBJC_ISA_USAGE = YES_ERROR;
				CLANG_WARN_DOCUMENTATION_COMMENTS = YES;
				CLANG_WARN_EMPTY_BODY = YES;
				CLANG_WARN_ENUM_CONVERSION = YES;
				CLANG_WARN_INFINITE_RECURSION = YES;
				CLANG_WARN_INT_CONVERSION = YES;
				CLANG_WARN_NON_LITERAL_NULL_CONVERSION = YES;
				CLANG_WARN_OBJC_IMPLICIT_RETAIN_SELF = YES;
				CLANG_WARN_OBJC_LITERAL_CONVERSION = YES;
				CLANG_WARN_OBJC_ROOT_CLASS = YES_ERROR;
				CLANG_WARN_QUOTED_INCLUDE_IN_FRAMEWORK_HEADER = YES;
				CLANG_WARN_RANGE_LOOP_ANALYSIS = YES;
				CLANG_WARN_STRICT_PROTOTYPES = YES;
				CLANG_WARN_SUSPICIOUS_MOVE = YES;
				CLANG_WARN_UNGUARDED_AVAILABILITY = YES_AGGRESSIVE;
				CLANG_WARN_UNREACHABLE_CODE = YES;
				CLANG_WARN__DUPLICATE_METHOD_MATCH = YES;
				COPY_PHASE_STRIP = NO;
				DEBUG_INFORMATION_FORMAT = dwarf;
				ENABLE_STRICT_OBJC_MSGSEND = YES;
				ENABLE_TESTABILITY = YES;
				GCC_C_LANGUAGE_STANDARD = gnu11;
				GCC_DYNAMIC_NO_PIC = NO;
				GCC_NO_COMMON_BLOCKS = YES;
				GCC_OPTIMIZATION_LEVEL = 0;
				GCC_PREPROCESSOR_DEFINITIONS = (
					"DEBUG=1",
					"$(inherited)",
				);
				GCC_WARN_64_TO_32_BIT_CONVERSION = YES;
				GCC_WARN_ABOUT_RETURN_TYPE = YES_ERROR;
				GCC_WARN_UNDECLARED_SELECTOR = YES;
				GCC_WARN_UNINITIALIZED_AUTOS = YES_AGGRESSIVE;
				GCC_WARN_UNUSED_FUNCTION = YES;
				GCC_WARN_UNUSED_VARIABLE = YES;
				IPHONEOS_DEPLOYMENT_TARGET = 13.0;
				MTL_ENABLE_DEBUG_INFO = INCLUDE_SOURCE;
				MTL_FAST_MATH = YES;
				ONLY_ACTIVE_ARCH = YES;
				SDKROOT = iphoneos;
				SWIFT_ACTIVE_COMPILATION_CONDITIONS = DEBUG;
				SWIFT_OPTIMIZATION_LEVEL = "-Onone";
			};
			name = Debug;
		};
		B166B0E8259826BA00AD6FD6 /* Release */ = {
			isa = XCBuildConfiguration;
			buildSettings = {
				ALWAYS_SEARCH_USER_PATHS = NO;
				CLANG_ANALYZER_NONNULL = YES;
				CLANG_ANALYZER_NUMBER_OBJECT_CONVERSION = YES_AGGRESSIVE;
				CLANG_CXX_LANGUAGE_STANDARD = "gnu++14";
				CLANG_CXX_LIBRARY = "libc++";
				CLANG_ENABLE_MODULES = YES;
				CLANG_ENABLE_OBJC_ARC = YES;
				CLANG_ENABLE_OBJC_WEAK = YES;
				CLANG_WARN_BLOCK_CAPTURE_AUTORELEASING = YES;
				CLANG_WARN_BOOL_CONVERSION = YES;
				CLANG_WARN_COMMA = YES;
				CLANG_WARN_CONSTANT_CONVERSION = YES;
				CLANG_WARN_DEPRECATED_OBJC_IMPLEMENTATIONS = YES;
				CLANG_WARN_DIRECT_OBJC_ISA_USAGE = YES_ERROR;
				CLANG_WARN_DOCUMENTATION_COMMENTS = YES;
				CLANG_WARN_EMPTY_BODY = YES;
				CLANG_WARN_ENUM_CONVERSION = YES;
				CLANG_WARN_INFINITE_RECURSION = YES;
				CLANG_WARN_INT_CONVERSION = YES;
				CLANG_WARN_NON_LITERAL_NULL_CONVERSION = YES;
				CLANG_WARN_OBJC_IMPLICIT_RETAIN_SELF = YES;
				CLANG_WARN_OBJC_LITERAL_CONVERSION = YES;
				CLANG_WARN_OBJC_ROOT_CLASS = YES_ERROR;
				CLANG_WARN_QUOTED_INCLUDE_IN_FRAMEWORK_HEADER = YES;
				CLANG_WARN_RANGE_LOOP_ANALYSIS = YES;
				CLANG_WARN_STRICT_PROTOTYPES = YES;
				CLANG_WARN_SUSPICIOUS_MOVE = YES;
				CLANG_WARN_UNGUARDED_AVAILABILITY = YES_AGGRESSIVE;
				CLANG_WARN_UNREACHABLE_CODE = YES;
				CLANG_WARN__DUPLICATE_METHOD_MATCH = YES;
				COPY_PHASE_STRIP = NO;
				DEBUG_INFORMATION_FORMAT = "dwarf-with-dsym";
				ENABLE_NS_ASSERTIONS = NO;
				ENABLE_STRICT_OBJC_MSGSEND = YES;
				GCC_C_LANGUAGE_STANDARD = gnu11;
				GCC_NO_COMMON_BLOCKS = YES;
				GCC_WARN_64_TO_32_BIT_CONVERSION = YES;
				GCC_WARN_ABOUT_RETURN_TYPE = YES_ERROR;
				GCC_WARN_UNDECLARED_SELECTOR = YES;
				GCC_WARN_UNINITIALIZED_AUTOS = YES_AGGRESSIVE;
				GCC_WARN_UNUSED_FUNCTION = YES;
				GCC_WARN_UNUSED_VARIABLE = YES;
				IPHONEOS_DEPLOYMENT_TARGET = 13.0;
				MTL_ENABLE_DEBUG_INFO = NO;
				MTL_FAST_MATH = YES;
				SDKROOT = iphoneos;
				SWIFT_COMPILATION_MODE = wholemodule;
				SWIFT_OPTIMIZATION_LEVEL = "-O";
				VALIDATE_PRODUCT = YES;
			};
			name = Release;
		};
		B166B0EA259826BA00AD6FD6 /* Debug */ = {
			isa = XCBuildConfiguration;
			baseConfigurationReference = 38B1791A66AF9DEBE0F616E8 /* Pods-Shoryan.debug.xcconfig */;
			buildSettings = {
				ASSETCATALOG_COMPILER_APPICON_NAME = AppIcon;
				ASSETCATALOG_COMPILER_GLOBAL_ACCENT_COLOR_NAME = AccentColor;
				CODE_SIGN_IDENTITY = "Apple Development";
				CODE_SIGN_STYLE = Automatic;
				DEVELOPMENT_TEAM = 5R6B5V8RQU;
				INFOPLIST_FILE = "Shoryan/Supporting Files/Info.plist";
				LD_RUNPATH_SEARCH_PATHS = (
					"$(inherited)",
					"@executable_path/Frameworks",
				);
				PRODUCT_BUNDLE_IDENTIFIER = com.ahmedalsai.Shoryan;
				PRODUCT_NAME = "$(TARGET_NAME)";
				PROVISIONING_PROFILE_SPECIFIER = "";
				SWIFT_VERSION = 5.0;
				TARGETED_DEVICE_FAMILY = 1;
			};
			name = Debug;
		};
		B166B0EB259826BA00AD6FD6 /* Release */ = {
			isa = XCBuildConfiguration;
			baseConfigurationReference = 8B6D1215174CF978C1FB5C42 /* Pods-Shoryan.release.xcconfig */;
			buildSettings = {
				ASSETCATALOG_COMPILER_APPICON_NAME = AppIcon;
				ASSETCATALOG_COMPILER_GLOBAL_ACCENT_COLOR_NAME = AccentColor;
				CODE_SIGN_IDENTITY = "Apple Development";
				CODE_SIGN_STYLE = Automatic;
				DEVELOPMENT_TEAM = 5R6B5V8RQU;
				INFOPLIST_FILE = "Shoryan/Supporting Files/Info.plist";
				LD_RUNPATH_SEARCH_PATHS = (
					"$(inherited)",
					"@executable_path/Frameworks",
				);
				PRODUCT_BUNDLE_IDENTIFIER = com.ahmedalsai.Shoryan;
				PRODUCT_NAME = "$(TARGET_NAME)";
				PROVISIONING_PROFILE_SPECIFIER = "";
				SWIFT_VERSION = 5.0;
				TARGETED_DEVICE_FAMILY = 1;
			};
			name = Release;
		};
/* End XCBuildConfiguration section */

/* Begin XCConfigurationList section */
		B166B0D0259826B800AD6FD6 /* Build configuration list for PBXProject "Shoryan" */ = {
			isa = XCConfigurationList;
			buildConfigurations = (
				B166B0E7259826BA00AD6FD6 /* Debug */,
				B166B0E8259826BA00AD6FD6 /* Release */,
			);
			defaultConfigurationIsVisible = 0;
			defaultConfigurationName = Release;
		};
		B166B0E9259826BA00AD6FD6 /* Build configuration list for PBXNativeTarget "Shoryan" */ = {
			isa = XCConfigurationList;
			buildConfigurations = (
				B166B0EA259826BA00AD6FD6 /* Debug */,
				B166B0EB259826BA00AD6FD6 /* Release */,
			);
			defaultConfigurationIsVisible = 0;
			defaultConfigurationName = Release;
		};
/* End XCConfigurationList section */
	};
	rootObject = B166B0CD259826B800AD6FD6 /* Project object */;
}
